PODS:
  - Alamofire (5.9.1)
  - SwiftLint (0.57.1)

DEPENDENCIES:
  - Alamofire
  - SwiftLint

SPEC REPOS:
  trunk:
    - Alamofire
    - SwiftLint

SPEC CHECKSUMS:
  Alamofire: f36a35757af4587d8e4f4bfa223ad10be2422b8c
  SwiftLint: 92196976e597b9afec5dbe374810103e6c1d9d7c

PODFILE CHECKSUM: d130e49b498e8f77a095f2a7d7104830d279a4fa

COCOAPODS: 1.16.2
