// !$*UTF8*$!
{
	archiveVersion = 1;
	classes = {
	};
	objectVersion = 77;
	objects = {

/* Begin PBXBuildFile section */
		16087C702D1B2FB400654DE0 /* DriversChampionshipTableViewCell.swift in Sources */ = {isa = PBXBuildFile; fileRef = 16087C6F2D1B2FB400654DE0 /* DriversChampionshipTableViewCell.swift */; };
		16087C722D1B30F500654DE0 /* LabelFactory.swift in Sources */ = {isa = PBXBuildFile; fileRef = 16087C712D1B30F500654DE0 /* LabelFactory.swift */; };
		16087C742D1B4D3500654DE0 /* StackViewFactory.swift in Sources */ = {isa = PBXBuildFile; fileRef = 16087C732D1B4D3500654DE0 /* StackViewFactory.swift */; };
		16087C762D1B500400654DE0 /* DriversChampionshipTableViewDelegate.swift in Sources */ = {isa = PBXBuildFile; fileRef = 16087C752D1B500400654DE0 /* DriversChampionshipTableViewDelegate.swift */; };
		16087C782D1B54EB00654DE0 /* StandingsNetworkServiceImpl.swift in Sources */ = {isa = PBXBuildFile; fileRef = 16087C772D1B54EB00654DE0 /* StandingsNetworkServiceImpl.swift */; };
		1612922C2D25A393009EA9FF /* QualyResultCardView.swift in Sources */ = {isa = PBXBuildFile; fileRef = 1612922B2D25A393009EA9FF /* QualyResultCardView.swift */; };
		1612922E2D26D2B7009EA9FF /* RaceResultCardView.swift in Sources */ = {isa = PBXBuildFile; fileRef = 1612922D2D26D2B7009EA9FF /* RaceResultCardView.swift */; };
		162B5E492D1DB0A800D1E1B6 /* ConstructorsChampionshipTableViewDelegate.swift in Sources */ = {isa = PBXBuildFile; fileRef = 162B5E482D1DB0A800D1E1B6 /* ConstructorsChampionshipTableViewDelegate.swift */; };
		162B5E4B2D1DB0B500D1E1B6 /* ConstructorsChampionshipTableViewCell.swift in Sources */ = {isa = PBXBuildFile; fileRef = 162B5E4A2D1DB0B500D1E1B6 /* ConstructorsChampionshipTableViewCell.swift */; };
		162B5E4D2D1DB2A200D1E1B6 /* ConstructorsChampionshipEntry.swift in Sources */ = {isa = PBXBuildFile; fileRef = 162B5E4C2D1DB2A200D1E1B6 /* ConstructorsChampionshipEntry.swift */; };
		162B5E4F2D1DB41600D1E1B6 /* ConstructorsChampionshipDecoderF1Connect.swift in Sources */ = {isa = PBXBuildFile; fileRef = 162B5E4E2D1DB41600D1E1B6 /* ConstructorsChampionshipDecoderF1Connect.swift */; };
		162B5E512D1DB44300D1E1B6 /* ConstructorsChampionshipDecoder.swift in Sources */ = {isa = PBXBuildFile; fileRef = 162B5E502D1DB44300D1E1B6 /* ConstructorsChampionshipDecoder.swift */; };
		163C4D122CF8D7B300C62F43 /* NetworkError.swift in Sources */ = {isa = PBXBuildFile; fileRef = 163C4CF52CF8D7B300C62F43 /* NetworkError.swift */; };
		163C4D132CF8D7B300C62F43 /* SerializationError.swift in Sources */ = {isa = PBXBuildFile; fileRef = 163C4CF62CF8D7B300C62F43 /* SerializationError.swift */; };
		163C4D152CF8D7B300C62F43 /* Round.swift in Sources */ = {isa = PBXBuildFile; fileRef = 163C4CF92CF8D7B300C62F43 /* Round.swift */; };
		163C4D162CF8D7B300C62F43 /* Circuit.swift in Sources */ = {isa = PBXBuildFile; fileRef = 163C4CFA2CF8D7B300C62F43 /* Circuit.swift */; };
		163C4D172CF8D7B300C62F43 /* Driver.swift in Sources */ = {isa = PBXBuildFile; fileRef = 163C4CFB2CF8D7B300C62F43 /* Driver.swift */; };
		163C4D182CF8D7B300C62F43 /* Team.swift in Sources */ = {isa = PBXBuildFile; fileRef = 163C4CFC2CF8D7B300C62F43 /* Team.swift */; };
		163C4D192CF8D7B300C62F43 /* StandingsNetworkService.swift in Sources */ = {isa = PBXBuildFile; fileRef = 163C4CFE2CF8D7B300C62F43 /* StandingsNetworkService.swift */; };
		163C4D1A2CF8D7B300C62F43 /* RacesNetworkService.swift in Sources */ = {isa = PBXBuildFile; fileRef = 163C4CFF2CF8D7B300C62F43 /* RacesNetworkService.swift */; };
		163C4D1B2CF8D7B300C62F43 /* UrlSource.swift in Sources */ = {isa = PBXBuildFile; fileRef = 163C4D012CF8D7B300C62F43 /* UrlSource.swift */; };
		163C4D1C2CF8D7B300C62F43 /* UrlSourceF1Connect.swift in Sources */ = {isa = PBXBuildFile; fileRef = 163C4D032CF8D7B300C62F43 /* UrlSourceF1Connect.swift */; };
		163C4D1E2CF8D7B300C62F43 /* RacesNetworkServiceImpl.swift in Sources */ = {isa = PBXBuildFile; fileRef = 163C4D062CF8D7B300C62F43 /* RacesNetworkServiceImpl.swift */; };
		163C4D1F2CF8D7B300C62F43 /* AppDelegate.swift in Sources */ = {isa = PBXBuildFile; fileRef = 163C4D082CF8D7B300C62F43 /* AppDelegate.swift */; };
		163C4D202CF8D7B300C62F43 /* SceneDelegate.swift in Sources */ = {isa = PBXBuildFile; fileRef = 163C4D0F2CF8D7B300C62F43 /* SceneDelegate.swift */; };
		163C4D222CF8D7B300C62F43 /* Assets.xcassets in Resources */ = {isa = PBXBuildFile; fileRef = 163C4D092CF8D7B300C62F43 /* Assets.xcassets */; };
		163C4D242CF8D7B300C62F43 /* LaunchScreen.storyboard in Resources */ = {isa = PBXBuildFile; fileRef = 163C4D0C2CF8D7B300C62F43 /* LaunchScreen.storyboard */; };
		163C4D322CF8D7C200C62F43 /* NetworkServicesF1ConnectAPITests.swift in Sources */ = {isa = PBXBuildFile; fileRef = 163C4D2B2CF8D7C200C62F43 /* NetworkServicesF1ConnectAPITests.swift */; };
		16692BE12D293A920097C1CC /* DriversChampionshipViewCoordinator.swift in Sources */ = {isa = PBXBuildFile; fileRef = 16692BE02D293A920097C1CC /* DriversChampionshipViewCoordinator.swift */; };
		16692BE32D293B2B0097C1CC /* DriverDetailsViewController.swift in Sources */ = {isa = PBXBuildFile; fileRef = 16692BE22D293B2B0097C1CC /* DriverDetailsViewController.swift */; };
		16692BE52D293BF80097C1CC /* DriverDetailsPresenter.swift in Sources */ = {isa = PBXBuildFile; fileRef = 16692BE42D293BF80097C1CC /* DriverDetailsPresenter.swift */; };
		16692BE72D29408E0097C1CC /* DriverDetailsCardView.swift in Sources */ = {isa = PBXBuildFile; fileRef = 16692BE62D29408E0097C1CC /* DriverDetailsCardView.swift */; };
		16692BE92D2946850097C1CC /* ConstructorsChampionshipViewCoordinator.swift in Sources */ = {isa = PBXBuildFile; fileRef = 16692BE82D2946850097C1CC /* ConstructorsChampionshipViewCoordinator.swift */; };
		16692BEB2D2947210097C1CC /* TeamDetailsViewController.swift in Sources */ = {isa = PBXBuildFile; fileRef = 16692BEA2D2947210097C1CC /* TeamDetailsViewController.swift */; };
		16692BED2D2947D80097C1CC /* TeamDetailsPresenter.swift in Sources */ = {isa = PBXBuildFile; fileRef = 16692BEC2D2947D80097C1CC /* TeamDetailsPresenter.swift */; };
		16692BEF2D2949200097C1CC /* TeamDetailsCardView.swift in Sources */ = {isa = PBXBuildFile; fileRef = 16692BEE2D2949200097C1CC /* TeamDetailsCardView.swift */; };
		16692BF12D2A91720097C1CC /* UITabBar+Blur.swift in Sources */ = {isa = PBXBuildFile; fileRef = 16692BF02D2A91720097C1CC /* UITabBar+Blur.swift */; };
		166F3C122D0600D4005A92DF /* RaceScheduleCardView.swift in Sources */ = {isa = PBXBuildFile; fileRef = 166F3C112D0600D4005A92DF /* RaceScheduleCardView.swift */; };
		1670B4632D103EFC00400899 /* ScheduleTableViewDelegate.swift in Sources */ = {isa = PBXBuildFile; fileRef = 1670B4622D103EFC00400899 /* ScheduleTableViewDelegate.swift */; };
		1670B4662D10431500400899 /* CellIdentifiers.swift in Sources */ = {isa = PBXBuildFile; fileRef = 1670B4652D10431500400899 /* CellIdentifiers.swift */; };
		1670B4682D106FB900400899 /* UITableViewSelectionDelegate.swift in Sources */ = {isa = PBXBuildFile; fileRef = 1670B4672D106FB900400899 /* UITableViewSelectionDelegate.swift */; };
		1670B46D2D11518900400899 /* ScheduleTableViewCell.swift in Sources */ = {isa = PBXBuildFile; fileRef = 1670B46C2D11518900400899 /* ScheduleTableViewCell.swift */; };
		1670B4702D12069100400899 /* Separator.swift in Sources */ = {isa = PBXBuildFile; fileRef = 1670B46F2D12069100400899 /* Separator.swift */; };
		1670B4742D13668900400899 /* UIColor+AdaptiveColor.swift in Sources */ = {isa = PBXBuildFile; fileRef = 1670B4732D13668900400899 /* UIColor+AdaptiveColor.swift */; };
		1670B47D2D1491F300400899 /* GradientView.swift in Sources */ = {isa = PBXBuildFile; fileRef = 1670B47C2D1491F300400899 /* GradientView.swift */; };
		1670B47F2D149A4800400899 /* Colors.swift in Sources */ = {isa = PBXBuildFile; fileRef = 1670B47E2D149A4800400899 /* Colors.swift */; };
		1670B4812D149AE100400899 /* UIColor+AppColor.swift in Sources */ = {isa = PBXBuildFile; fileRef = 1670B4802D149AE100400899 /* UIColor+AppColor.swift */; };
		1670B4832D14A18D00400899 /* UIView+DropShadow.swift in Sources */ = {isa = PBXBuildFile; fileRef = 1670B4822D14A18D00400899 /* UIView+DropShadow.swift */; };
		1670B4852D16C69400400899 /* DriverDecoder.swift in Sources */ = {isa = PBXBuildFile; fileRef = 1670B4842D16C69400400899 /* DriverDecoder.swift */; };
		1670B4872D16C9C500400899 /* DriversChampionshipEntry.swift in Sources */ = {isa = PBXBuildFile; fileRef = 1670B4862D16C9C500400899 /* DriversChampionshipEntry.swift */; };
		1670B4892D16DB0700400899 /* DriverDecoderF1Connect.swift in Sources */ = {isa = PBXBuildFile; fileRef = 1670B4882D16DB0700400899 /* DriverDecoderF1Connect.swift */; };
		1670B48B2D16DB1400400899 /* TeamDecoder.swift in Sources */ = {isa = PBXBuildFile; fileRef = 1670B48A2D16DB1400400899 /* TeamDecoder.swift */; };
		1670B48D2D16DB3F00400899 /* TeamDecoderF1Connect.swift in Sources */ = {isa = PBXBuildFile; fileRef = 1670B48C2D16DB3F00400899 /* TeamDecoderF1Connect.swift */; };
		1670B48F2D16FE9300400899 /* DriversChampionshipDecoder.swift in Sources */ = {isa = PBXBuildFile; fileRef = 1670B48E2D16FE9300400899 /* DriversChampionshipDecoder.swift */; };
		1670B4912D16FEC400400899 /* DriversChampionshipDecoderF1Connect.swift in Sources */ = {isa = PBXBuildFile; fileRef = 1670B4902D16FEC400400899 /* DriversChampionshipDecoderF1Connect.swift */; };
		1673EC562D5E280600FEE9B1 /* 2025.json in Resources */ = {isa = PBXBuildFile; fileRef = 1673EC552D5E280600FEE9B1 /* 2025.json */; };
		1673EC572D5E280600FEE9B1 /* 2025.json in Resources */ = {isa = PBXBuildFile; fileRef = 1673EC552D5E280600FEE9B1 /* 2025.json */; };
		168101742CFDAFDC00D51776 /* Coordinator.swift in Sources */ = {isa = PBXBuildFile; fileRef = 168101732CFDAFDC00D51776 /* Coordinator.swift */; };
		168101762CFDAFF500D51776 /* AppCoordinator.swift in Sources */ = {isa = PBXBuildFile; fileRef = 168101752CFDAFF500D51776 /* AppCoordinator.swift */; };
		168101782CFDB25B00D51776 /* ScheduleViewController.swift in Sources */ = {isa = PBXBuildFile; fileRef = 168101772CFDB25B00D51776 /* ScheduleViewController.swift */; };
		1681017A2CFDB31600D51776 /* DriversChampionshipViewController.swift in Sources */ = {isa = PBXBuildFile; fileRef = 168101792CFDB31600D51776 /* DriversChampionshipViewController.swift */; };
		1681017E2CFEFA4000D51776 /* DependencyFactory.swift in Sources */ = {isa = PBXBuildFile; fileRef = 1681017D2CFEFA4000D51776 /* DependencyFactory.swift */; };
		168101802CFEFBFA00D51776 /* DependencyFactoryF1Connect.swift in Sources */ = {isa = PBXBuildFile; fileRef = 1681017F2CFEFBFA00D51776 /* DependencyFactoryF1Connect.swift */; };
		168101822D02F4C100D51776 /* ConstructorsChampionshipViewController.swift in Sources */ = {isa = PBXBuildFile; fileRef = 168101812D02F4C100D51776 /* ConstructorsChampionshipViewController.swift */; };
		168101842D02F55C00D51776 /* SettingsViewController.swift in Sources */ = {isa = PBXBuildFile; fileRef = 168101832D02F55C00D51776 /* SettingsViewController.swift */; };
		1681018A2D02F91B00D51776 /* RaceDecoder.swift in Sources */ = {isa = PBXBuildFile; fileRef = 168101892D02F91B00D51776 /* RaceDecoder.swift */; };
		1681018C2D02FA8900D51776 /* RaceDecoderF1Connect.swift in Sources */ = {isa = PBXBuildFile; fileRef = 1681018B2D02FA8900D51776 /* RaceDecoderF1Connect.swift */; };
		1681018E2D0320A000D51776 /* BaseViewController.swift in Sources */ = {isa = PBXBuildFile; fileRef = 1681018D2D0320A000D51776 /* BaseViewController.swift */; };
		168101922D0323A200D51776 /* Presenter.swift in Sources */ = {isa = PBXBuildFile; fileRef = 168101912D0323A200D51776 /* Presenter.swift */; };
		1688683F2D6B8D8D00FCB6D1 /* URLSessionWithCacheEnabled.swift in Sources */ = {isa = PBXBuildFile; fileRef = 1688683E2D6B8D8D00FCB6D1 /* URLSessionWithCacheEnabled.swift */; };
		168868412D6C522200FCB6D1 /* Constants.swift in Sources */ = {isa = PBXBuildFile; fileRef = 168868402D6C522200FCB6D1 /* Constants.swift */; };
		168EEB502D799FBC00E00E5E /* RacesNetworkServiceAlamofire.swift in Sources */ = {isa = PBXBuildFile; fileRef = 168EEB4F2D799FBC00E00E5E /* RacesNetworkServiceAlamofire.swift */; };
		1695A0512D04346800C25292 /* SchedulePresenter.swift in Sources */ = {isa = PBXBuildFile; fileRef = 1695A0502D04346800C25292 /* SchedulePresenter.swift */; };
		1695A0532D04348B00C25292 /* DriversChampionshipPresenter.swift in Sources */ = {isa = PBXBuildFile; fileRef = 1695A0522D04348B00C25292 /* DriversChampionshipPresenter.swift */; };
		1695A0552D0436D400C25292 /* ConstructorsChampionshipPresenter.swift in Sources */ = {isa = PBXBuildFile; fileRef = 1695A0542D0436D400C25292 /* ConstructorsChampionshipPresenter.swift */; };
		1695A0572D0436FC00C25292 /* SettingsPresenter.swift in Sources */ = {isa = PBXBuildFile; fileRef = 1695A0562D0436FC00C25292 /* SettingsPresenter.swift */; };
		16A421DB2D1EE9D5003683CD /* RoundDetailsViewController.swift in Sources */ = {isa = PBXBuildFile; fileRef = 16A421DA2D1EE9D5003683CD /* RoundDetailsViewController.swift */; };
		16A421DD2D1EEB40003683CD /* RoundDetailsPresenter.swift in Sources */ = {isa = PBXBuildFile; fileRef = 16A421DC2D1EEB40003683CD /* RoundDetailsPresenter.swift */; };
		16A421F12D1EFD86003683CD /* PracticeDriverResult.swift in Sources */ = {isa = PBXBuildFile; fileRef = 16A421F02D1EFD86003683CD /* PracticeDriverResult.swift */; };
		16A421F32D1F051A003683CD /* QualyDriverResult.swift in Sources */ = {isa = PBXBuildFile; fileRef = 16A421F22D1F051A003683CD /* QualyDriverResult.swift */; };
		16A421F52D1F05D9003683CD /* RaceDriverResult.swift in Sources */ = {isa = PBXBuildFile; fileRef = 16A421F42D1F05D9003683CD /* RaceDriverResult.swift */; };
		16A421F72D1F080D003683CD /* RoundResults.swift in Sources */ = {isa = PBXBuildFile; fileRef = 16A421F62D1F080D003683CD /* RoundResults.swift */; };
		16A422032D1F178F003683CD /* PracticeResultDecoderF1Connect.swift in Sources */ = {isa = PBXBuildFile; fileRef = 16A422022D1F178F003683CD /* PracticeResultDecoderF1Connect.swift */; };
		16A422052D1F17B7003683CD /* PracticeResultsDecoder.swift in Sources */ = {isa = PBXBuildFile; fileRef = 16A422042D1F17B7003683CD /* PracticeResultsDecoder.swift */; };
		16A422072D1F2277003683CD /* QualyResultsDecoder.swift in Sources */ = {isa = PBXBuildFile; fileRef = 16A422062D1F2277003683CD /* QualyResultsDecoder.swift */; };
		16A422092D1F2DEB003683CD /* QualyResultDecoderF1Connect.swift in Sources */ = {isa = PBXBuildFile; fileRef = 16A422082D1F2DEB003683CD /* QualyResultDecoderF1Connect.swift */; };
		16A4220B2D1F31AB003683CD /* RaceResultsDecoder.swift in Sources */ = {isa = PBXBuildFile; fileRef = 16A4220A2D1F31AB003683CD /* RaceResultsDecoder.swift */; };
		16A4220D2D1F31DF003683CD /* RaceResultDecoderF1Connect.swift in Sources */ = {isa = PBXBuildFile; fileRef = 16A4220C2D1F31DF003683CD /* RaceResultDecoderF1Connect.swift */; };
		16A4220F2D1F3B5C003683CD /* RoundResultsNetworkService.swift in Sources */ = {isa = PBXBuildFile; fileRef = 16A4220E2D1F3B5C003683CD /* RoundResultsNetworkService.swift */; };
		16A422132D1FF82F003683CD /* DecodingF1ConnectTests.swift in Sources */ = {isa = PBXBuildFile; fileRef = 16A422122D1FF82F003683CD /* DecodingF1ConnectTests.swift */; };
		16A422152D20191B003683CD /* RoundResultsNetworkServiceImpl.swift in Sources */ = {isa = PBXBuildFile; fileRef = 16A422142D20191B003683CD /* RoundResultsNetworkServiceImpl.swift */; };
		16A422192D20209A003683CD /* CircuitDecoder.swift in Sources */ = {isa = PBXBuildFile; fileRef = 16A422182D20209A003683CD /* CircuitDecoder.swift */; };
		16A4221B2D202128003683CD /* CircuitDecoderF1Connect.swift in Sources */ = {isa = PBXBuildFile; fileRef = 16A4221A2D202128003683CD /* CircuitDecoderF1Connect.swift */; };
		16A4221D2D204E32003683CD /* CircuitCardView.swift in Sources */ = {isa = PBXBuildFile; fileRef = 16A4221C2D204E32003683CD /* CircuitCardView.swift */; };
		16A4221F2D206607003683CD /* ScheduleViewCoordinator.swift in Sources */ = {isa = PBXBuildFile; fileRef = 16A4221E2D206607003683CD /* ScheduleViewCoordinator.swift */; };
		16AFC5902D4E6D1D00D03C5C /* SchedulePresentable.swift in Sources */ = {isa = PBXBuildFile; fileRef = 16AFC58F2D4E6D1D00D03C5C /* SchedulePresentable.swift */; };
		16AFC5922D4E722900D03C5C /* ErrorPresentable.swift in Sources */ = {isa = PBXBuildFile; fileRef = 16AFC5912D4E722900D03C5C /* ErrorPresentable.swift */; };
		16AFC5942D4E74B100D03C5C /* RoundDetailsPresentable.swift in Sources */ = {isa = PBXBuildFile; fileRef = 16AFC5932D4E74B100D03C5C /* RoundDetailsPresentable.swift */; };
		16AFC5962D4E74BE00D03C5C /* DriversChampionshipPresentable.swift in Sources */ = {isa = PBXBuildFile; fileRef = 16AFC5952D4E74BE00D03C5C /* DriversChampionshipPresentable.swift */; };
		16AFC5982D4E74CB00D03C5C /* DriverDetailsPresentable.swift in Sources */ = {isa = PBXBuildFile; fileRef = 16AFC5972D4E74CB00D03C5C /* DriverDetailsPresentable.swift */; };
		16AFC59A2D4E74DA00D03C5C /* ConstructorsChampionshipPresentable.swift in Sources */ = {isa = PBXBuildFile; fileRef = 16AFC5992D4E74DA00D03C5C /* ConstructorsChampionshipPresentable.swift */; };
		16AFC59C2D4E74E700D03C5C /* TeamDetailsPresentable.swift in Sources */ = {isa = PBXBuildFile; fileRef = 16AFC59B2D4E74E700D03C5C /* TeamDetailsPresentable.swift */; };
		16AFC59E2D4E750000D03C5C /* SettingsPresentable.swift in Sources */ = {isa = PBXBuildFile; fileRef = 16AFC59D2D4E750000D03C5C /* SettingsPresentable.swift */; };
		16AFC5A02D4E78F000D03C5C /* PresentersTests.swift in Sources */ = {isa = PBXBuildFile; fileRef = 16AFC59F2D4E78F000D03C5C /* PresentersTests.swift */; };
		16B5D1212D4E882A00A8563F /* DependencyFactoryWithMockData.swift in Sources */ = {isa = PBXBuildFile; fileRef = 16C030C62D08192C000C258E /* DependencyFactoryWithMockData.swift */; };
		16B5D1222D4E883100A8563F /* RoundResultsNetworkServiceMock.swift in Sources */ = {isa = PBXBuildFile; fileRef = 16A422102D1FE857003683CD /* RoundResultsNetworkServiceMock.swift */; };
		16B5D1232D4E883100A8563F /* StandingsNetworkServiceMock.swift in Sources */ = {isa = PBXBuildFile; fileRef = 16087C6D2D1B2C1100654DE0 /* StandingsNetworkServiceMock.swift */; };
		16B5D1242D4E883100A8563F /* RacesNetworkServiceMock.swift in Sources */ = {isa = PBXBuildFile; fileRef = 162ED6D52D081E7600DF9A04 /* RacesNetworkServiceMock.swift */; };
		16B5D1272D4F6D0700A8563F /* ScheduleViewMock.swift in Sources */ = {isa = PBXBuildFile; fileRef = 16B5D1262D4F6D0700A8563F /* ScheduleViewMock.swift */; };
		16B5D1292D4F6E4000A8563F /* RoundDetailsViewMock.swift in Sources */ = {isa = PBXBuildFile; fileRef = 16B5D1282D4F6E4000A8563F /* RoundDetailsViewMock.swift */; };
		16B5D12B2D4F6E4D00A8563F /* DriversChampionshipViewMock.swift in Sources */ = {isa = PBXBuildFile; fileRef = 16B5D12A2D4F6E4D00A8563F /* DriversChampionshipViewMock.swift */; };
		16B5D12D2D4F6E5B00A8563F /* DriverDetailsViewMock.swift in Sources */ = {isa = PBXBuildFile; fileRef = 16B5D12C2D4F6E5B00A8563F /* DriverDetailsViewMock.swift */; };
		16B5D12F2D4F6E6500A8563F /* ConstructorsChampionshipViewMock.swift in Sources */ = {isa = PBXBuildFile; fileRef = 16B5D12E2D4F6E6500A8563F /* ConstructorsChampionshipViewMock.swift */; };
		16B5D1312D4F6E7100A8563F /* TeamDetailsViewMock.swift in Sources */ = {isa = PBXBuildFile; fileRef = 16B5D1302D4F6E7100A8563F /* TeamDetailsViewMock.swift */; };
		16B5D1352D4F726C00A8563F /* DependencyFactoryMock.swift in Sources */ = {isa = PBXBuildFile; fileRef = 16B5D1332D4F726C00A8563F /* DependencyFactoryMock.swift */; };
		16BD5B412D1C434B00B13974 /* GradientColors.swift in Sources */ = {isa = PBXBuildFile; fileRef = 16BD5B402D1C434B00B13974 /* GradientColors.swift */; };
		16C030C52D072DE4000C258E /* Date+Extensions.swift in Sources */ = {isa = PBXBuildFile; fileRef = 16C030C42D072DE4000C258E /* Date+Extensions.swift */; };
		16CEC0D52D463E6100EF668E /* race.json in Resources */ = {isa = PBXBuildFile; fileRef = 16CEC0D32D463E6000EF668E /* race.json */; };
		16CEC0D62D463E6100EF668E /* constructors-championship.json in Resources */ = {isa = PBXBuildFile; fileRef = 16CEC0CD2D463E6000EF668E /* constructors-championship.json */; };
		16CEC0D72D463E6100EF668E /* fp1.json in Resources */ = {isa = PBXBuildFile; fileRef = 16CEC0CF2D463E6000EF668E /* fp1.json */; };
		16CEC0D82D463E6100EF668E /* fp2.json in Resources */ = {isa = PBXBuildFile; fileRef = 16CEC0D02D463E6000EF668E /* fp2.json */; };
		16CEC0D92D463E6100EF668E /* fp3.json in Resources */ = {isa = PBXBuildFile; fileRef = 16CEC0D12D463E6000EF668E /* fp3.json */; };
		16CEC0DA2D463E6100EF668E /* drivers-championship.json in Resources */ = {isa = PBXBuildFile; fileRef = 16CEC0CE2D463E6000EF668E /* drivers-championship.json */; };
		16CEC0DB2D463E6100EF668E /* sprint-race.json in Resources */ = {isa = PBXBuildFile; fileRef = 16CEC0D42D463E6000EF668E /* sprint-race.json */; };
		16CEC0DC2D463E6100EF668E /* qualy.json in Resources */ = {isa = PBXBuildFile; fileRef = 16CEC0D22D463E6000EF668E /* qualy.json */; };
		16CEC0DD2D463E6100EF668E /* race.json in Resources */ = {isa = PBXBuildFile; fileRef = 16CEC0D32D463E6000EF668E /* race.json */; };
		16CEC0DE2D463E6100EF668E /* constructors-championship.json in Resources */ = {isa = PBXBuildFile; fileRef = 16CEC0CD2D463E6000EF668E /* constructors-championship.json */; };
		16CEC0DF2D463E6100EF668E /* fp1.json in Resources */ = {isa = PBXBuildFile; fileRef = 16CEC0CF2D463E6000EF668E /* fp1.json */; };
		16CEC0E02D463E6100EF668E /* fp2.json in Resources */ = {isa = PBXBuildFile; fileRef = 16CEC0D02D463E6000EF668E /* fp2.json */; };
		16CEC0E12D463E6100EF668E /* fp3.json in Resources */ = {isa = PBXBuildFile; fileRef = 16CEC0D12D463E6000EF668E /* fp3.json */; };
		16CEC0E22D463E6100EF668E /* drivers-championship.json in Resources */ = {isa = PBXBuildFile; fileRef = 16CEC0CE2D463E6000EF668E /* drivers-championship.json */; };
		16CEC0E32D463E6100EF668E /* sprint-race.json in Resources */ = {isa = PBXBuildFile; fileRef = 16CEC0D42D463E6000EF668E /* sprint-race.json */; };
		16CEC0E42D463E6100EF668E /* qualy.json in Resources */ = {isa = PBXBuildFile; fileRef = 16CEC0D22D463E6000EF668E /* qualy.json */; };
		16CEC0E62D463EA100EF668E /* 1.json in Resources */ = {isa = PBXBuildFile; fileRef = 16CEC0E52D463EA100EF668E /* 1.json */; };
		16CEC0E72D463EA100EF668E /* 1.json in Resources */ = {isa = PBXBuildFile; fileRef = 16CEC0E52D463EA100EF668E /* 1.json */; };
		16CEC0E92D463F2900EF668E /* 2024.json in Resources */ = {isa = PBXBuildFile; fileRef = 16CEC0E82D463F2900EF668E /* 2024.json */; };
		16CEC0EA2D463F2900EF668E /* 2024.json in Resources */ = {isa = PBXBuildFile; fileRef = 16CEC0E82D463F2900EF668E /* 2024.json */; };
		16CEC0EC2D463F5900EF668E /* sprint-qualy.json in Resources */ = {isa = PBXBuildFile; fileRef = 16CEC0EB2D463F5900EF668E /* sprint-qualy.json */; };
		16CEC0ED2D463F5900EF668E /* sprint-qualy.json in Resources */ = {isa = PBXBuildFile; fileRef = 16CEC0EB2D463F5900EF668E /* sprint-qualy.json */; };
		16D0B21D2D8C8B7700902156 /* DependencyFactoryF1ConnectAlamofire.swift in Sources */ = {isa = PBXBuildFile; fileRef = 16D0B21C2D8C8B7700902156 /* DependencyFactoryF1ConnectAlamofire.swift */; };
		16D0B2202D8C8BEB00902156 /* StandingsNetworkServiceAlamofire.swift in Sources */ = {isa = PBXBuildFile; fileRef = 16D0B21F2D8C8BEB00902156 /* StandingsNetworkServiceAlamofire.swift */; };
		16D0B2222D8C8C2D00902156 /* RoundResultsNetworkServiceAlamofire.swift in Sources */ = {isa = PBXBuildFile; fileRef = 16D0B2212D8C8C2D00902156 /* RoundResultsNetworkServiceAlamofire.swift */; };
		16F4A41F2D240A5400F75700 /* FontSizes.swift in Sources */ = {isa = PBXBuildFile; fileRef = 16F4A41E2D240A5400F75700 /* FontSizes.swift */; };
		16F4A4212D24397A00F75700 /* PracticeResultCardView.swift in Sources */ = {isa = PBXBuildFile; fileRef = 16F4A4202D24397A00F75700 /* PracticeResultCardView.swift */; };
		3568857A5B93615BB51739B5 /* Pods_F1App.framework in Frameworks */ = {isa = PBXBuildFile; fileRef = 6C68ABB438BB860D5C844AE1 /* Pods_F1App.framework */; };
/* End PBXBuildFile section */

/* Begin PBXContainerItemProxy section */
		162533132CEFBF8E00F9397F /* PBXContainerItemProxy */ = {
			isa = PBXContainerItemProxy;
			containerPortal = 162532F42CEFBF8D00F9397F /* Project object */;
			proxyType = 1;
			remoteGlobalIDString = 162532FB2CEFBF8D00F9397F;
			remoteInfo = F1App;
		};
/* End PBXContainerItemProxy section */

/* Begin PBXFileReference section */
		023B0ADB0586B228B6E6864E /* Pods-F1App.debug.xcconfig */ = {isa = PBXFileReference; includeInIndex = 1; lastKnownFileType = text.xcconfig; name = "Pods-F1App.debug.xcconfig"; path = "Target Support Files/Pods-F1App/Pods-F1App.debug.xcconfig"; sourceTree = "<group>"; };
		16087C6D2D1B2C1100654DE0 /* StandingsNetworkServiceMock.swift */ = {isa = PBXFileReference; lastKnownFileType = sourcecode.swift; path = StandingsNetworkServiceMock.swift; sourceTree = "<group>"; };
		16087C6F2D1B2FB400654DE0 /* DriversChampionshipTableViewCell.swift */ = {isa = PBXFileReference; lastKnownFileType = sourcecode.swift; path = DriversChampionshipTableViewCell.swift; sourceTree = "<group>"; };
		16087C712D1B30F500654DE0 /* LabelFactory.swift */ = {isa = PBXFileReference; lastKnownFileType = sourcecode.swift; path = LabelFactory.swift; sourceTree = "<group>"; };
		16087C732D1B4D3500654DE0 /* StackViewFactory.swift */ = {isa = PBXFileReference; lastKnownFileType = sourcecode.swift; path = StackViewFactory.swift; sourceTree = "<group>"; };
		16087C752D1B500400654DE0 /* DriversChampionshipTableViewDelegate.swift */ = {isa = PBXFileReference; lastKnownFileType = sourcecode.swift; path = DriversChampionshipTableViewDelegate.swift; sourceTree = "<group>"; };
		16087C772D1B54EB00654DE0 /* StandingsNetworkServiceImpl.swift */ = {isa = PBXFileReference; lastKnownFileType = sourcecode.swift; path = StandingsNetworkServiceImpl.swift; sourceTree = "<group>"; };
		1612922B2D25A393009EA9FF /* QualyResultCardView.swift */ = {isa = PBXFileReference; lastKnownFileType = sourcecode.swift; path = QualyResultCardView.swift; sourceTree = "<group>"; };
		1612922D2D26D2B7009EA9FF /* RaceResultCardView.swift */ = {isa = PBXFileReference; lastKnownFileType = sourcecode.swift; path = RaceResultCardView.swift; sourceTree = "<group>"; };
		162532FC2CEFBF8D00F9397F /* F1App.app */ = {isa = PBXFileReference; explicitFileType = wrapper.application; includeInIndex = 0; path = F1App.app; sourceTree = BUILT_PRODUCTS_DIR; };
		162533122CEFBF8E00F9397F /* F1AppTests.xctest */ = {isa = PBXFileReference; explicitFileType = wrapper.cfbundle; includeInIndex = 0; path = F1AppTests.xctest; sourceTree = BUILT_PRODUCTS_DIR; };
		162B5E482D1DB0A800D1E1B6 /* ConstructorsChampionshipTableViewDelegate.swift */ = {isa = PBXFileReference; lastKnownFileType = sourcecode.swift; path = ConstructorsChampionshipTableViewDelegate.swift; sourceTree = "<group>"; };
		162B5E4A2D1DB0B500D1E1B6 /* ConstructorsChampionshipTableViewCell.swift */ = {isa = PBXFileReference; lastKnownFileType = sourcecode.swift; path = ConstructorsChampionshipTableViewCell.swift; sourceTree = "<group>"; };
		162B5E4C2D1DB2A200D1E1B6 /* ConstructorsChampionshipEntry.swift */ = {isa = PBXFileReference; lastKnownFileType = sourcecode.swift; path = ConstructorsChampionshipEntry.swift; sourceTree = "<group>"; };
		162B5E4E2D1DB41600D1E1B6 /* ConstructorsChampionshipDecoderF1Connect.swift */ = {isa = PBXFileReference; lastKnownFileType = sourcecode.swift; path = ConstructorsChampionshipDecoderF1Connect.swift; sourceTree = "<group>"; };
		162B5E502D1DB44300D1E1B6 /* ConstructorsChampionshipDecoder.swift */ = {isa = PBXFileReference; lastKnownFileType = sourcecode.swift; path = ConstructorsChampionshipDecoder.swift; sourceTree = "<group>"; };
		162ED6D52D081E7600DF9A04 /* RacesNetworkServiceMock.swift */ = {isa = PBXFileReference; lastKnownFileType = sourcecode.swift; path = RacesNetworkServiceMock.swift; sourceTree = "<group>"; };
		163C4CF52CF8D7B300C62F43 /* NetworkError.swift */ = {isa = PBXFileReference; lastKnownFileType = sourcecode.swift; path = NetworkError.swift; sourceTree = "<group>"; };
		163C4CF62CF8D7B300C62F43 /* SerializationError.swift */ = {isa = PBXFileReference; lastKnownFileType = sourcecode.swift; path = SerializationError.swift; sourceTree = "<group>"; };
		163C4CF92CF8D7B300C62F43 /* Round.swift */ = {isa = PBXFileReference; lastKnownFileType = sourcecode.swift; path = Round.swift; sourceTree = "<group>"; };
		163C4CFA2CF8D7B300C62F43 /* Circuit.swift */ = {isa = PBXFileReference; lastKnownFileType = sourcecode.swift; path = Circuit.swift; sourceTree = "<group>"; };
		163C4CFB2CF8D7B300C62F43 /* Driver.swift */ = {isa = PBXFileReference; lastKnownFileType = sourcecode.swift; path = Driver.swift; sourceTree = "<group>"; };
		163C4CFC2CF8D7B300C62F43 /* Team.swift */ = {isa = PBXFileReference; lastKnownFileType = sourcecode.swift; path = Team.swift; sourceTree = "<group>"; };
		163C4CFE2CF8D7B300C62F43 /* StandingsNetworkService.swift */ = {isa = PBXFileReference; lastKnownFileType = sourcecode.swift; path = StandingsNetworkService.swift; sourceTree = "<group>"; };
		163C4CFF2CF8D7B300C62F43 /* RacesNetworkService.swift */ = {isa = PBXFileReference; lastKnownFileType = sourcecode.swift; path = RacesNetworkService.swift; sourceTree = "<group>"; };
		163C4D012CF8D7B300C62F43 /* UrlSource.swift */ = {isa = PBXFileReference; lastKnownFileType = sourcecode.swift; path = UrlSource.swift; sourceTree = "<group>"; };
		163C4D032CF8D7B300C62F43 /* UrlSourceF1Connect.swift */ = {isa = PBXFileReference; lastKnownFileType = sourcecode.swift; path = UrlSourceF1Connect.swift; sourceTree = "<group>"; };
		163C4D062CF8D7B300C62F43 /* RacesNetworkServiceImpl.swift */ = {isa = PBXFileReference; lastKnownFileType = sourcecode.swift; path = RacesNetworkServiceImpl.swift; sourceTree = "<group>"; };
		163C4D082CF8D7B300C62F43 /* AppDelegate.swift */ = {isa = PBXFileReference; lastKnownFileType = sourcecode.swift; path = AppDelegate.swift; sourceTree = "<group>"; };
		163C4D092CF8D7B300C62F43 /* Assets.xcassets */ = {isa = PBXFileReference; lastKnownFileType = folder.assetcatalog; path = Assets.xcassets; sourceTree = "<group>"; };
		163C4D0A2CF8D7B300C62F43 /* Info.plist */ = {isa = PBXFileReference; lastKnownFileType = text.plist.xml; path = Info.plist; sourceTree = "<group>"; };
		163C4D0B2CF8D7B300C62F43 /* Base */ = {isa = PBXFileReference; lastKnownFileType = file.storyboard; name = Base; path = Base.lproj/LaunchScreen.storyboard; sourceTree = "<group>"; };
		163C4D0F2CF8D7B300C62F43 /* SceneDelegate.swift */ = {isa = PBXFileReference; lastKnownFileType = sourcecode.swift; path = SceneDelegate.swift; sourceTree = "<group>"; };
		163C4D2B2CF8D7C200C62F43 /* NetworkServicesF1ConnectAPITests.swift */ = {isa = PBXFileReference; lastKnownFileType = sourcecode.swift; path = NetworkServicesF1ConnectAPITests.swift; sourceTree = "<group>"; };
		16692BE02D293A920097C1CC /* DriversChampionshipViewCoordinator.swift */ = {isa = PBXFileReference; lastKnownFileType = sourcecode.swift; path = DriversChampionshipViewCoordinator.swift; sourceTree = "<group>"; };
		16692BE22D293B2B0097C1CC /* DriverDetailsViewController.swift */ = {isa = PBXFileReference; lastKnownFileType = sourcecode.swift; path = DriverDetailsViewController.swift; sourceTree = "<group>"; };
		16692BE42D293BF80097C1CC /* DriverDetailsPresenter.swift */ = {isa = PBXFileReference; lastKnownFileType = sourcecode.swift; path = DriverDetailsPresenter.swift; sourceTree = "<group>"; };
		16692BE62D29408E0097C1CC /* DriverDetailsCardView.swift */ = {isa = PBXFileReference; lastKnownFileType = sourcecode.swift; path = DriverDetailsCardView.swift; sourceTree = "<group>"; };
		16692BE82D2946850097C1CC /* ConstructorsChampionshipViewCoordinator.swift */ = {isa = PBXFileReference; lastKnownFileType = sourcecode.swift; path = ConstructorsChampionshipViewCoordinator.swift; sourceTree = "<group>"; };
		16692BEA2D2947210097C1CC /* TeamDetailsViewController.swift */ = {isa = PBXFileReference; lastKnownFileType = sourcecode.swift; path = TeamDetailsViewController.swift; sourceTree = "<group>"; };
		16692BEC2D2947D80097C1CC /* TeamDetailsPresenter.swift */ = {isa = PBXFileReference; lastKnownFileType = sourcecode.swift; path = TeamDetailsPresenter.swift; sourceTree = "<group>"; };
		16692BEE2D2949200097C1CC /* TeamDetailsCardView.swift */ = {isa = PBXFileReference; lastKnownFileType = sourcecode.swift; path = TeamDetailsCardView.swift; sourceTree = "<group>"; };
		16692BF02D2A91720097C1CC /* UITabBar+Blur.swift */ = {isa = PBXFileReference; lastKnownFileType = sourcecode.swift; path = "UITabBar+Blur.swift"; sourceTree = "<group>"; };
		166F3C112D0600D4005A92DF /* RaceScheduleCardView.swift */ = {isa = PBXFileReference; lastKnownFileType = sourcecode.swift; path = RaceScheduleCardView.swift; sourceTree = "<group>"; };
		1670B4622D103EFC00400899 /* ScheduleTableViewDelegate.swift */ = {isa = PBXFileReference; lastKnownFileType = sourcecode.swift; path = ScheduleTableViewDelegate.swift; sourceTree = "<group>"; };
		1670B4652D10431500400899 /* CellIdentifiers.swift */ = {isa = PBXFileReference; lastKnownFileType = sourcecode.swift; path = CellIdentifiers.swift; sourceTree = "<group>"; };
		1670B4672D106FB900400899 /* UITableViewSelectionDelegate.swift */ = {isa = PBXFileReference; lastKnownFileType = sourcecode.swift; path = UITableViewSelectionDelegate.swift; sourceTree = "<group>"; };
		1670B46C2D11518900400899 /* ScheduleTableViewCell.swift */ = {isa = PBXFileReference; lastKnownFileType = sourcecode.swift; path = ScheduleTableViewCell.swift; sourceTree = "<group>"; };
		1670B46F2D12069100400899 /* Separator.swift */ = {isa = PBXFileReference; lastKnownFileType = sourcecode.swift; path = Separator.swift; sourceTree = "<group>"; };
		1670B4732D13668900400899 /* UIColor+AdaptiveColor.swift */ = {isa = PBXFileReference; lastKnownFileType = sourcecode.swift; path = "UIColor+AdaptiveColor.swift"; sourceTree = "<group>"; };
		1670B47C2D1491F300400899 /* GradientView.swift */ = {isa = PBXFileReference; lastKnownFileType = sourcecode.swift; path = GradientView.swift; sourceTree = "<group>"; };
		1670B47E2D149A4800400899 /* Colors.swift */ = {isa = PBXFileReference; lastKnownFileType = sourcecode.swift; path = Colors.swift; sourceTree = "<group>"; };
		1670B4802D149AE100400899 /* UIColor+AppColor.swift */ = {isa = PBXFileReference; lastKnownFileType = sourcecode.swift; path = "UIColor+AppColor.swift"; sourceTree = "<group>"; };
		1670B4822D14A18D00400899 /* UIView+DropShadow.swift */ = {isa = PBXFileReference; lastKnownFileType = sourcecode.swift; path = "UIView+DropShadow.swift"; sourceTree = "<group>"; };
		1670B4842D16C69400400899 /* DriverDecoder.swift */ = {isa = PBXFileReference; lastKnownFileType = sourcecode.swift; path = DriverDecoder.swift; sourceTree = "<group>"; };
		1670B4862D16C9C500400899 /* DriversChampionshipEntry.swift */ = {isa = PBXFileReference; lastKnownFileType = sourcecode.swift; path = DriversChampionshipEntry.swift; sourceTree = "<group>"; };
		1670B4882D16DB0700400899 /* DriverDecoderF1Connect.swift */ = {isa = PBXFileReference; lastKnownFileType = sourcecode.swift; path = DriverDecoderF1Connect.swift; sourceTree = "<group>"; };
		1670B48A2D16DB1400400899 /* TeamDecoder.swift */ = {isa = PBXFileReference; lastKnownFileType = sourcecode.swift; path = TeamDecoder.swift; sourceTree = "<group>"; };
		1670B48C2D16DB3F00400899 /* TeamDecoderF1Connect.swift */ = {isa = PBXFileReference; lastKnownFileType = sourcecode.swift; path = TeamDecoderF1Connect.swift; sourceTree = "<group>"; };
		1670B48E2D16FE9300400899 /* DriversChampionshipDecoder.swift */ = {isa = PBXFileReference; lastKnownFileType = sourcecode.swift; path = DriversChampionshipDecoder.swift; sourceTree = "<group>"; };
		1670B4902D16FEC400400899 /* DriversChampionshipDecoderF1Connect.swift */ = {isa = PBXFileReference; lastKnownFileType = sourcecode.swift; path = DriversChampionshipDecoderF1Connect.swift; sourceTree = "<group>"; };
		1673EC552D5E280600FEE9B1 /* 2025.json */ = {isa = PBXFileReference; lastKnownFileType = text.json; path = 2025.json; sourceTree = "<group>"; };
		168101732CFDAFDC00D51776 /* Coordinator.swift */ = {isa = PBXFileReference; lastKnownFileType = sourcecode.swift; path = Coordinator.swift; sourceTree = "<group>"; };
		168101752CFDAFF500D51776 /* AppCoordinator.swift */ = {isa = PBXFileReference; lastKnownFileType = sourcecode.swift; path = AppCoordinator.swift; sourceTree = "<group>"; };
		168101772CFDB25B00D51776 /* ScheduleViewController.swift */ = {isa = PBXFileReference; lastKnownFileType = sourcecode.swift; path = ScheduleViewController.swift; sourceTree = "<group>"; };
		168101792CFDB31600D51776 /* DriversChampionshipViewController.swift */ = {isa = PBXFileReference; lastKnownFileType = sourcecode.swift; path = DriversChampionshipViewController.swift; sourceTree = "<group>"; };
		1681017D2CFEFA4000D51776 /* DependencyFactory.swift */ = {isa = PBXFileReference; lastKnownFileType = sourcecode.swift; path = DependencyFactory.swift; sourceTree = "<group>"; };
		1681017F2CFEFBFA00D51776 /* DependencyFactoryF1Connect.swift */ = {isa = PBXFileReference; lastKnownFileType = sourcecode.swift; path = DependencyFactoryF1Connect.swift; sourceTree = "<group>"; };
		168101812D02F4C100D51776 /* ConstructorsChampionshipViewController.swift */ = {isa = PBXFileReference; lastKnownFileType = sourcecode.swift; path = ConstructorsChampionshipViewController.swift; sourceTree = "<group>"; };
		168101832D02F55C00D51776 /* SettingsViewController.swift */ = {isa = PBXFileReference; lastKnownFileType = sourcecode.swift; path = SettingsViewController.swift; sourceTree = "<group>"; };
		168101892D02F91B00D51776 /* RaceDecoder.swift */ = {isa = PBXFileReference; lastKnownFileType = sourcecode.swift; path = RaceDecoder.swift; sourceTree = "<group>"; };
		1681018B2D02FA8900D51776 /* RaceDecoderF1Connect.swift */ = {isa = PBXFileReference; lastKnownFileType = sourcecode.swift; path = RaceDecoderF1Connect.swift; sourceTree = "<group>"; };
		1681018D2D0320A000D51776 /* BaseViewController.swift */ = {isa = PBXFileReference; lastKnownFileType = sourcecode.swift; path = BaseViewController.swift; sourceTree = "<group>"; };
		168101912D0323A200D51776 /* Presenter.swift */ = {isa = PBXFileReference; lastKnownFileType = sourcecode.swift; path = Presenter.swift; sourceTree = "<group>"; };
		1688683E2D6B8D8D00FCB6D1 /* URLSessionWithCacheEnabled.swift */ = {isa = PBXFileReference; lastKnownFileType = sourcecode.swift; path = URLSessionWithCacheEnabled.swift; sourceTree = "<group>"; };
		168868402D6C522200FCB6D1 /* Constants.swift */ = {isa = PBXFileReference; lastKnownFileType = sourcecode.swift; path = Constants.swift; sourceTree = "<group>"; };
		168EEB4F2D799FBC00E00E5E /* RacesNetworkServiceAlamofire.swift */ = {isa = PBXFileReference; lastKnownFileType = sourcecode.swift; path = RacesNetworkServiceAlamofire.swift; sourceTree = "<group>"; };
		1695A0502D04346800C25292 /* SchedulePresenter.swift */ = {isa = PBXFileReference; lastKnownFileType = sourcecode.swift; path = SchedulePresenter.swift; sourceTree = "<group>"; };
		1695A0522D04348B00C25292 /* DriversChampionshipPresenter.swift */ = {isa = PBXFileReference; lastKnownFileType = sourcecode.swift; path = DriversChampionshipPresenter.swift; sourceTree = "<group>"; };
		1695A0542D0436D400C25292 /* ConstructorsChampionshipPresenter.swift */ = {isa = PBXFileReference; lastKnownFileType = sourcecode.swift; path = ConstructorsChampionshipPresenter.swift; sourceTree = "<group>"; };
		1695A0562D0436FC00C25292 /* SettingsPresenter.swift */ = {isa = PBXFileReference; lastKnownFileType = sourcecode.swift; path = SettingsPresenter.swift; sourceTree = "<group>"; };
		16A421DA2D1EE9D5003683CD /* RoundDetailsViewController.swift */ = {isa = PBXFileReference; lastKnownFileType = sourcecode.swift; path = RoundDetailsViewController.swift; sourceTree = "<group>"; };
		16A421DC2D1EEB40003683CD /* RoundDetailsPresenter.swift */ = {isa = PBXFileReference; lastKnownFileType = sourcecode.swift; path = RoundDetailsPresenter.swift; sourceTree = "<group>"; };
		16A421F02D1EFD86003683CD /* PracticeDriverResult.swift */ = {isa = PBXFileReference; lastKnownFileType = sourcecode.swift; path = PracticeDriverResult.swift; sourceTree = "<group>"; };
		16A421F22D1F051A003683CD /* QualyDriverResult.swift */ = {isa = PBXFileReference; lastKnownFileType = sourcecode.swift; path = QualyDriverResult.swift; sourceTree = "<group>"; };
		16A421F42D1F05D9003683CD /* RaceDriverResult.swift */ = {isa = PBXFileReference; lastKnownFileType = sourcecode.swift; path = RaceDriverResult.swift; sourceTree = "<group>"; };
		16A421F62D1F080D003683CD /* RoundResults.swift */ = {isa = PBXFileReference; lastKnownFileType = sourcecode.swift; path = RoundResults.swift; sourceTree = "<group>"; };
		16A422022D1F178F003683CD /* PracticeResultDecoderF1Connect.swift */ = {isa = PBXFileReference; lastKnownFileType = sourcecode.swift; path = PracticeResultDecoderF1Connect.swift; sourceTree = "<group>"; };
		16A422042D1F17B7003683CD /* PracticeResultsDecoder.swift */ = {isa = PBXFileReference; lastKnownFileType = sourcecode.swift; path = PracticeResultsDecoder.swift; sourceTree = "<group>"; };
		16A422062D1F2277003683CD /* QualyResultsDecoder.swift */ = {isa = PBXFileReference; lastKnownFileType = sourcecode.swift; path = QualyResultsDecoder.swift; sourceTree = "<group>"; };
		16A422082D1F2DEB003683CD /* QualyResultDecoderF1Connect.swift */ = {isa = PBXFileReference; lastKnownFileType = sourcecode.swift; path = QualyResultDecoderF1Connect.swift; sourceTree = "<group>"; };
		16A4220A2D1F31AB003683CD /* RaceResultsDecoder.swift */ = {isa = PBXFileReference; lastKnownFileType = sourcecode.swift; path = RaceResultsDecoder.swift; sourceTree = "<group>"; };
		16A4220C2D1F31DF003683CD /* RaceResultDecoderF1Connect.swift */ = {isa = PBXFileReference; lastKnownFileType = sourcecode.swift; path = RaceResultDecoderF1Connect.swift; sourceTree = "<group>"; };
		16A4220E2D1F3B5C003683CD /* RoundResultsNetworkService.swift */ = {isa = PBXFileReference; lastKnownFileType = sourcecode.swift; path = RoundResultsNetworkService.swift; sourceTree = "<group>"; };
		16A422102D1FE857003683CD /* RoundResultsNetworkServiceMock.swift */ = {isa = PBXFileReference; lastKnownFileType = sourcecode.swift; path = RoundResultsNetworkServiceMock.swift; sourceTree = "<group>"; };
		16A422122D1FF82F003683CD /* DecodingF1ConnectTests.swift */ = {isa = PBXFileReference; lastKnownFileType = sourcecode.swift; path = DecodingF1ConnectTests.swift; sourceTree = "<group>"; };
		16A422142D20191B003683CD /* RoundResultsNetworkServiceImpl.swift */ = {isa = PBXFileReference; lastKnownFileType = sourcecode.swift; path = RoundResultsNetworkServiceImpl.swift; sourceTree = "<group>"; };
		16A422182D20209A003683CD /* CircuitDecoder.swift */ = {isa = PBXFileReference; lastKnownFileType = sourcecode.swift; path = CircuitDecoder.swift; sourceTree = "<group>"; };
		16A4221A2D202128003683CD /* CircuitDecoderF1Connect.swift */ = {isa = PBXFileReference; lastKnownFileType = sourcecode.swift; path = CircuitDecoderF1Connect.swift; sourceTree = "<group>"; };
		16A4221C2D204E32003683CD /* CircuitCardView.swift */ = {isa = PBXFileReference; lastKnownFileType = sourcecode.swift; path = CircuitCardView.swift; sourceTree = "<group>"; };
		16A4221E2D206607003683CD /* ScheduleViewCoordinator.swift */ = {isa = PBXFileReference; lastKnownFileType = sourcecode.swift; path = ScheduleViewCoordinator.swift; sourceTree = "<group>"; };
		16AFC58F2D4E6D1D00D03C5C /* SchedulePresentable.swift */ = {isa = PBXFileReference; lastKnownFileType = sourcecode.swift; path = SchedulePresentable.swift; sourceTree = "<group>"; };
		16AFC5912D4E722900D03C5C /* ErrorPresentable.swift */ = {isa = PBXFileReference; lastKnownFileType = sourcecode.swift; path = ErrorPresentable.swift; sourceTree = "<group>"; };
		16AFC5932D4E74B100D03C5C /* RoundDetailsPresentable.swift */ = {isa = PBXFileReference; lastKnownFileType = sourcecode.swift; path = RoundDetailsPresentable.swift; sourceTree = "<group>"; };
		16AFC5952D4E74BE00D03C5C /* DriversChampionshipPresentable.swift */ = {isa = PBXFileReference; lastKnownFileType = sourcecode.swift; path = DriversChampionshipPresentable.swift; sourceTree = "<group>"; };
		16AFC5972D4E74CB00D03C5C /* DriverDetailsPresentable.swift */ = {isa = PBXFileReference; lastKnownFileType = sourcecode.swift; path = DriverDetailsPresentable.swift; sourceTree = "<group>"; };
		16AFC5992D4E74DA00D03C5C /* ConstructorsChampionshipPresentable.swift */ = {isa = PBXFileReference; lastKnownFileType = sourcecode.swift; path = ConstructorsChampionshipPresentable.swift; sourceTree = "<group>"; };
		16AFC59B2D4E74E700D03C5C /* TeamDetailsPresentable.swift */ = {isa = PBXFileReference; lastKnownFileType = sourcecode.swift; path = TeamDetailsPresentable.swift; sourceTree = "<group>"; };
		16AFC59D2D4E750000D03C5C /* SettingsPresentable.swift */ = {isa = PBXFileReference; lastKnownFileType = sourcecode.swift; path = SettingsPresentable.swift; sourceTree = "<group>"; };
		16AFC59F2D4E78F000D03C5C /* PresentersTests.swift */ = {isa = PBXFileReference; lastKnownFileType = sourcecode.swift; path = PresentersTests.swift; sourceTree = "<group>"; };
		16B5D1262D4F6D0700A8563F /* ScheduleViewMock.swift */ = {isa = PBXFileReference; lastKnownFileType = sourcecode.swift; path = ScheduleViewMock.swift; sourceTree = "<group>"; };
		16B5D1282D4F6E4000A8563F /* RoundDetailsViewMock.swift */ = {isa = PBXFileReference; lastKnownFileType = sourcecode.swift; path = RoundDetailsViewMock.swift; sourceTree = "<group>"; };
		16B5D12A2D4F6E4D00A8563F /* DriversChampionshipViewMock.swift */ = {isa = PBXFileReference; lastKnownFileType = sourcecode.swift; path = DriversChampionshipViewMock.swift; sourceTree = "<group>"; };
		16B5D12C2D4F6E5B00A8563F /* DriverDetailsViewMock.swift */ = {isa = PBXFileReference; lastKnownFileType = sourcecode.swift; path = DriverDetailsViewMock.swift; sourceTree = "<group>"; };
		16B5D12E2D4F6E6500A8563F /* ConstructorsChampionshipViewMock.swift */ = {isa = PBXFileReference; lastKnownFileType = sourcecode.swift; path = ConstructorsChampionshipViewMock.swift; sourceTree = "<group>"; };
		16B5D1302D4F6E7100A8563F /* TeamDetailsViewMock.swift */ = {isa = PBXFileReference; lastKnownFileType = sourcecode.swift; path = TeamDetailsViewMock.swift; sourceTree = "<group>"; };
		16B5D1332D4F726C00A8563F /* DependencyFactoryMock.swift */ = {isa = PBXFileReference; lastKnownFileType = sourcecode.swift; path = DependencyFactoryMock.swift; sourceTree = "<group>"; };
		16BD5B402D1C434B00B13974 /* GradientColors.swift */ = {isa = PBXFileReference; lastKnownFileType = sourcecode.swift; path = GradientColors.swift; sourceTree = "<group>"; };
		16C030C42D072DE4000C258E /* Date+Extensions.swift */ = {isa = PBXFileReference; lastKnownFileType = sourcecode.swift; path = "Date+Extensions.swift"; sourceTree = "<group>"; };
		16C030C62D08192C000C258E /* DependencyFactoryWithMockData.swift */ = {isa = PBXFileReference; lastKnownFileType = sourcecode.swift; path = DependencyFactoryWithMockData.swift; sourceTree = "<group>"; };
		16CEC0CD2D463E6000EF668E /* constructors-championship.json */ = {isa = PBXFileReference; lastKnownFileType = text.json; path = "constructors-championship.json"; sourceTree = "<group>"; };
		16CEC0CE2D463E6000EF668E /* drivers-championship.json */ = {isa = PBXFileReference; lastKnownFileType = text.json; path = "drivers-championship.json"; sourceTree = "<group>"; };
		16CEC0CF2D463E6000EF668E /* fp1.json */ = {isa = PBXFileReference; lastKnownFileType = text.json; path = fp1.json; sourceTree = "<group>"; };
		16CEC0D02D463E6000EF668E /* fp2.json */ = {isa = PBXFileReference; lastKnownFileType = text.json; path = fp2.json; sourceTree = "<group>"; };
		16CEC0D12D463E6000EF668E /* fp3.json */ = {isa = PBXFileReference; lastKnownFileType = text.json; path = fp3.json; sourceTree = "<group>"; };
		16CEC0D22D463E6000EF668E /* qualy.json */ = {isa = PBXFileReference; lastKnownFileType = text.json; path = qualy.json; sourceTree = "<group>"; };
		16CEC0D32D463E6000EF668E /* race.json */ = {isa = PBXFileReference; lastKnownFileType = text.json; path = race.json; sourceTree = "<group>"; };
		16CEC0D42D463E6000EF668E /* sprint-race.json */ = {isa = PBXFileReference; lastKnownFileType = text.json; path = "sprint-race.json"; sourceTree = "<group>"; };
		16CEC0E52D463EA100EF668E /* 1.json */ = {isa = PBXFileReference; lastKnownFileType = text.json; path = 1.json; sourceTree = "<group>"; };
		16CEC0E82D463F2900EF668E /* 2024.json */ = {isa = PBXFileReference; lastKnownFileType = text.json; path = 2024.json; sourceTree = "<group>"; };
		16CEC0EB2D463F5900EF668E /* sprint-qualy.json */ = {isa = PBXFileReference; lastKnownFileType = text.json; path = "sprint-qualy.json"; sourceTree = "<group>"; };
		16D0B21C2D8C8B7700902156 /* DependencyFactoryF1ConnectAlamofire.swift */ = {isa = PBXFileReference; lastKnownFileType = sourcecode.swift; path = DependencyFactoryF1ConnectAlamofire.swift; sourceTree = "<group>"; };
		16D0B21F2D8C8BEB00902156 /* StandingsNetworkServiceAlamofire.swift */ = {isa = PBXFileReference; lastKnownFileType = sourcecode.swift; path = StandingsNetworkServiceAlamofire.swift; sourceTree = "<group>"; };
		16D0B2212D8C8C2D00902156 /* RoundResultsNetworkServiceAlamofire.swift */ = {isa = PBXFileReference; lastKnownFileType = sourcecode.swift; path = RoundResultsNetworkServiceAlamofire.swift; sourceTree = "<group>"; };
		16F4A41E2D240A5400F75700 /* FontSizes.swift */ = {isa = PBXFileReference; lastKnownFileType = sourcecode.swift; path = FontSizes.swift; sourceTree = "<group>"; };
		16F4A4202D24397A00F75700 /* PracticeResultCardView.swift */ = {isa = PBXFileReference; lastKnownFileType = sourcecode.swift; path = PracticeResultCardView.swift; sourceTree = "<group>"; };
		544EC18E7C3166E270529048 /* Pods-F1App.release.xcconfig */ = {isa = PBXFileReference; includeInIndex = 1; lastKnownFileType = text.xcconfig; name = "Pods-F1App.release.xcconfig"; path = "Target Support Files/Pods-F1App/Pods-F1App.release.xcconfig"; sourceTree = "<group>"; };
		6C68ABB438BB860D5C844AE1 /* Pods_F1App.framework */ = {isa = PBXFileReference; explicitFileType = wrapper.framework; includeInIndex = 0; path = Pods_F1App.framework; sourceTree = BUILT_PRODUCTS_DIR; };
/* End PBXFileReference section */

/* Begin PBXFrameworksBuildPhase section */
		162532F92CEFBF8D00F9397F /* Frameworks */ = {
			isa = PBXFrameworksBuildPhase;
			buildActionMask = 2147483647;
			files = (
				3568857A5B93615BB51739B5 /* Pods_F1App.framework in Frameworks */,
			);
			runOnlyForDeploymentPostprocessing = 0;
		};
		1625330F2CEFBF8D00F9397F /* Frameworks */ = {
			isa = PBXFrameworksBuildPhase;
			buildActionMask = 2147483647;
			files = (
			);
			runOnlyForDeploymentPostprocessing = 0;
		};
/* End PBXFrameworksBuildPhase section */

/* Begin PBXGroup section */
		162532F32CEFBF8D00F9397F = {
			isa = PBXGroup;
			children = (
				163C4D112CF8D7B300C62F43 /* F1App */,
				163C4D2D2CF8D7C200C62F43 /* F1AppTests */,
				162532FD2CEFBF8D00F9397F /* Products */,
				6D8BB561D178EA28A24E29D9 /* Pods */,
				AAF4759E2D66806920F86792 /* Frameworks */,
			);
			sourceTree = "<group>";
		};
		162532FD2CEFBF8D00F9397F /* Products */ = {
			isa = PBXGroup;
			children = (
				162532FC2CEFBF8D00F9397F /* F1App.app */,
				162533122CEFBF8E00F9397F /* F1AppTests.xctest */,
			);
			name = Products;
			sourceTree = "<group>";
		};
		163C4CF42CF8D7B300C62F43 /* Enums */ = {
			isa = PBXGroup;
			children = (
				1670B4652D10431500400899 /* CellIdentifiers.swift */,
				1670B47E2D149A4800400899 /* Colors.swift */,
				16BD5B402D1C434B00B13974 /* GradientColors.swift */,
				16F4A41E2D240A5400F75700 /* FontSizes.swift */,
				168868402D6C522200FCB6D1 /* Constants.swift */,
			);
			path = Enums;
			sourceTree = "<group>";
		};
		163C4CF72CF8D7B300C62F43 /* Errors */ = {
			isa = PBXGroup;
			children = (
				163C4CF52CF8D7B300C62F43 /* NetworkError.swift */,
				163C4CF62CF8D7B300C62F43 /* SerializationError.swift */,
			);
			path = Errors;
			sourceTree = "<group>";
		};
		163C4CFD2CF8D7B300C62F43 /* Models */ = {
			isa = PBXGroup;
			children = (
				163C4CF72CF8D7B300C62F43 /* Errors */,
				163C4CF42CF8D7B300C62F43 /* Enums */,
				163C4CF92CF8D7B300C62F43 /* Round.swift */,
				163C4CFA2CF8D7B300C62F43 /* Circuit.swift */,
				163C4CFB2CF8D7B300C62F43 /* Driver.swift */,
				163C4CFC2CF8D7B300C62F43 /* Team.swift */,
				1670B4862D16C9C500400899 /* DriversChampionshipEntry.swift */,
				162B5E4C2D1DB2A200D1E1B6 /* ConstructorsChampionshipEntry.swift */,
				16A421F02D1EFD86003683CD /* PracticeDriverResult.swift */,
				16A421F22D1F051A003683CD /* QualyDriverResult.swift */,
				16A421F42D1F05D9003683CD /* RaceDriverResult.swift */,
				16A421F62D1F080D003683CD /* RoundResults.swift */,
			);
			path = Models;
			sourceTree = "<group>";
		};
		163C4D002CF8D7B300C62F43 /* Protocols */ = {
			isa = PBXGroup;
			children = (
				163C4CFF2CF8D7B300C62F43 /* RacesNetworkService.swift */,
				163C4CFE2CF8D7B300C62F43 /* StandingsNetworkService.swift */,
				16A4220E2D1F3B5C003683CD /* RoundResultsNetworkService.swift */,
			);
			path = Protocols;
			sourceTree = "<group>";
		};
		163C4D022CF8D7B300C62F43 /* Protocols */ = {
			isa = PBXGroup;
			children = (
				163C4D012CF8D7B300C62F43 /* UrlSource.swift */,
			);
			path = Protocols;
			sourceTree = "<group>";
		};
		163C4D042CF8D7B300C62F43 /* UrlSource */ = {
			isa = PBXGroup;
			children = (
				163C4D022CF8D7B300C62F43 /* Protocols */,
				163C4D032CF8D7B300C62F43 /* UrlSourceF1Connect.swift */,
			);
			path = UrlSource;
			sourceTree = "<group>";
		};
		163C4D072CF8D7B300C62F43 /* Networking */ = {
			isa = PBXGroup;
			children = (
				168101872D02F8B500D51776 /* Decoding */,
				168101862D02F8AA00D51776 /* NetworkServices */,
				163C4D042CF8D7B300C62F43 /* UrlSource */,
			);
			path = Networking;
			sourceTree = "<group>";
		};
		163C4D112CF8D7B300C62F43 /* F1App */ = {
			isa = PBXGroup;
			children = (
				163C4CFD2CF8D7B300C62F43 /* Models */,
				1681017B2CFEFA0000D51776 /* Factories */,
				163C4D072CF8D7B300C62F43 /* Networking */,
				1681018F2D03234E00D51776 /* Presenters */,
				163C4D3D2CF8E6B100C62F43 /* Views */,
				168101712CFDAF6E00D51776 /* Coordinators */,
				16C030C32D072D9B000C258E /* Extensions */,
				163C4D092CF8D7B300C62F43 /* Assets.xcassets */,
				163C4D0A2CF8D7B300C62F43 /* Info.plist */,
				163C4D0C2CF8D7B300C62F43 /* LaunchScreen.storyboard */,
				163C4D0F2CF8D7B300C62F43 /* SceneDelegate.swift */,
				163C4D082CF8D7B300C62F43 /* AppDelegate.swift */,
			);
			path = F1App;
			sourceTree = "<group>";
		};
		163C4D2A2CF8D7C200C62F43 /* Assets */ = {
			isa = PBXGroup;
			children = (
				16692BDE2D2932D40097C1CC /* F1Connect */,
			);
			path = Assets;
			sourceTree = "<group>";
		};
		163C4D2D2CF8D7C200C62F43 /* F1AppTests */ = {
			isa = PBXGroup;
			children = (
				163C4D2A2CF8D7C200C62F43 /* Assets */,
				16AFC5A22D4E7A6800D03C5C /* Mocks */,
				163C4D2B2CF8D7C200C62F43 /* NetworkServicesF1ConnectAPITests.swift */,
				16A422122D1FF82F003683CD /* DecodingF1ConnectTests.swift */,
				16AFC59F2D4E78F000D03C5C /* PresentersTests.swift */,
			);
			path = F1AppTests;
			sourceTree = "<group>";
		};
		163C4D3D2CF8E6B100C62F43 /* Views */ = {
			isa = PBXGroup;
			children = (
				16AFC58E2D4E6D1100D03C5C /* Protocols */,
				1670B46E2D12068400400899 /* Common */,
				1670B46B2D11518300400899 /* Cells */,
				1670B4612D103D6900400899 /* Delegates */,
				1681018D2D0320A000D51776 /* BaseViewController.swift */,
				168101772CFDB25B00D51776 /* ScheduleViewController.swift */,
				16A421DA2D1EE9D5003683CD /* RoundDetailsViewController.swift */,
				168101792CFDB31600D51776 /* DriversChampionshipViewController.swift */,
				16692BE22D293B2B0097C1CC /* DriverDetailsViewController.swift */,
				168101812D02F4C100D51776 /* ConstructorsChampionshipViewController.swift */,
				16692BEA2D2947210097C1CC /* TeamDetailsViewController.swift */,
				168101832D02F55C00D51776 /* SettingsViewController.swift */,
			);
			path = Views;
			sourceTree = "<group>";
		};
		16692BDE2D2932D40097C1CC /* F1Connect */ = {
			isa = PBXGroup;
			children = (
				1673EC552D5E280600FEE9B1 /* 2025.json */,
				16CEC0E82D463F2900EF668E /* 2024.json */,
				16CEC0E52D463EA100EF668E /* 1.json */,
				16CEC0CD2D463E6000EF668E /* constructors-championship.json */,
				16CEC0CE2D463E6000EF668E /* drivers-championship.json */,
				16CEC0CF2D463E6000EF668E /* fp1.json */,
				16CEC0D02D463E6000EF668E /* fp2.json */,
				16CEC0D12D463E6000EF668E /* fp3.json */,
				16CEC0D22D463E6000EF668E /* qualy.json */,
				16CEC0D32D463E6000EF668E /* race.json */,
				16CEC0D42D463E6000EF668E /* sprint-race.json */,
				16CEC0EB2D463F5900EF668E /* sprint-qualy.json */,
			);
			path = F1Connect;
			sourceTree = "<group>";
		};
		166F3C0E2D060047005A92DF /* Subviews */ = {
			isa = PBXGroup;
			children = (
				166F3C112D0600D4005A92DF /* RaceScheduleCardView.swift */,
				16A4221C2D204E32003683CD /* CircuitCardView.swift */,
				16F4A4202D24397A00F75700 /* PracticeResultCardView.swift */,
				1612922B2D25A393009EA9FF /* QualyResultCardView.swift */,
				1612922D2D26D2B7009EA9FF /* RaceResultCardView.swift */,
				16692BE62D29408E0097C1CC /* DriverDetailsCardView.swift */,
				16692BEE2D2949200097C1CC /* TeamDetailsCardView.swift */,
			);
			path = Subviews;
			sourceTree = "<group>";
		};
		1670B4612D103D6900400899 /* Delegates */ = {
			isa = PBXGroup;
			children = (
				1670B4622D103EFC00400899 /* ScheduleTableViewDelegate.swift */,
				16087C752D1B500400654DE0 /* DriversChampionshipTableViewDelegate.swift */,
				162B5E482D1DB0A800D1E1B6 /* ConstructorsChampionshipTableViewDelegate.swift */,
			);
			path = Delegates;
			sourceTree = "<group>";
		};
		1670B46B2D11518300400899 /* Cells */ = {
			isa = PBXGroup;
			children = (
				1670B46C2D11518900400899 /* ScheduleTableViewCell.swift */,
				16087C6F2D1B2FB400654DE0 /* DriversChampionshipTableViewCell.swift */,
				162B5E4A2D1DB0B500D1E1B6 /* ConstructorsChampionshipTableViewCell.swift */,
			);
			path = Cells;
			sourceTree = "<group>";
		};
		1670B46E2D12068400400899 /* Common */ = {
			isa = PBXGroup;
			children = (
				166F3C0E2D060047005A92DF /* Subviews */,
				1670B4672D106FB900400899 /* UITableViewSelectionDelegate.swift */,
				1670B47C2D1491F300400899 /* GradientView.swift */,
				1670B46F2D12069100400899 /* Separator.swift */,
				16087C712D1B30F500654DE0 /* LabelFactory.swift */,
				16087C732D1B4D3500654DE0 /* StackViewFactory.swift */,
			);
			path = Common;
			sourceTree = "<group>";
		};
		1670B4922D16FEEA00400899 /* F1Connect */ = {
			isa = PBXGroup;
			children = (
				1681018B2D02FA8900D51776 /* RaceDecoderF1Connect.swift */,
				16A4221A2D202128003683CD /* CircuitDecoderF1Connect.swift */,
				1670B4882D16DB0700400899 /* DriverDecoderF1Connect.swift */,
				1670B48C2D16DB3F00400899 /* TeamDecoderF1Connect.swift */,
				1670B4902D16FEC400400899 /* DriversChampionshipDecoderF1Connect.swift */,
				162B5E4E2D1DB41600D1E1B6 /* ConstructorsChampionshipDecoderF1Connect.swift */,
				16A422022D1F178F003683CD /* PracticeResultDecoderF1Connect.swift */,
				16A422082D1F2DEB003683CD /* QualyResultDecoderF1Connect.swift */,
				16A4220C2D1F31DF003683CD /* RaceResultDecoderF1Connect.swift */,
			);
			path = F1Connect;
			sourceTree = "<group>";
		};
		168101712CFDAF6E00D51776 /* Coordinators */ = {
			isa = PBXGroup;
			children = (
				168101722CFDAFCD00D51776 /* Protocols */,
				168101752CFDAFF500D51776 /* AppCoordinator.swift */,
				16A4221E2D206607003683CD /* ScheduleViewCoordinator.swift */,
				16692BE02D293A920097C1CC /* DriversChampionshipViewCoordinator.swift */,
				16692BE82D2946850097C1CC /* ConstructorsChampionshipViewCoordinator.swift */,
			);
			path = Coordinators;
			sourceTree = "<group>";
		};
		168101722CFDAFCD00D51776 /* Protocols */ = {
			isa = PBXGroup;
			children = (
				168101732CFDAFDC00D51776 /* Coordinator.swift */,
			);
			path = Protocols;
			sourceTree = "<group>";
		};
		1681017B2CFEFA0000D51776 /* Factories */ = {
			isa = PBXGroup;
			children = (
				1681017C2CFEFA2A00D51776 /* Protocols */,
				1681017F2CFEFBFA00D51776 /* DependencyFactoryF1Connect.swift */,
				16D0B21C2D8C8B7700902156 /* DependencyFactoryF1ConnectAlamofire.swift */,
				16C030C62D08192C000C258E /* DependencyFactoryWithMockData.swift */,
			);
			path = Factories;
			sourceTree = "<group>";
		};
		1681017C2CFEFA2A00D51776 /* Protocols */ = {
			isa = PBXGroup;
			children = (
				1681017D2CFEFA4000D51776 /* DependencyFactory.swift */,
			);
			path = Protocols;
			sourceTree = "<group>";
		};
		168101862D02F8AA00D51776 /* NetworkServices */ = {
			isa = PBXGroup;
			children = (
				1688683E2D6B8D8D00FCB6D1 /* URLSessionWithCacheEnabled.swift */,
				163C4D002CF8D7B300C62F43 /* Protocols */,
				16AFC5A32D4E7A6F00D03C5C /* MockData */,
				168EEB4D2D799F8A00E00E5E /* URLSessionImpls */,
				168EEB4E2D799F9D00E00E5E /* AlamofireImpls */,
			);
			path = NetworkServices;
			sourceTree = "<group>";
		};
		168101872D02F8B500D51776 /* Decoding */ = {
			isa = PBXGroup;
			children = (
				168101882D02F8CE00D51776 /* Protocols */,
				1670B4922D16FEEA00400899 /* F1Connect */,
			);
			path = Decoding;
			sourceTree = "<group>";
		};
		168101882D02F8CE00D51776 /* Protocols */ = {
			isa = PBXGroup;
			children = (
				168101892D02F91B00D51776 /* RaceDecoder.swift */,
				16A422182D20209A003683CD /* CircuitDecoder.swift */,
				1670B4842D16C69400400899 /* DriverDecoder.swift */,
				1670B48A2D16DB1400400899 /* TeamDecoder.swift */,
				1670B48E2D16FE9300400899 /* DriversChampionshipDecoder.swift */,
				162B5E502D1DB44300D1E1B6 /* ConstructorsChampionshipDecoder.swift */,
				16A422042D1F17B7003683CD /* PracticeResultsDecoder.swift */,
				16A422062D1F2277003683CD /* QualyResultsDecoder.swift */,
				16A4220A2D1F31AB003683CD /* RaceResultsDecoder.swift */,
			);
			path = Protocols;
			sourceTree = "<group>";
		};
		1681018F2D03234E00D51776 /* Presenters */ = {
			isa = PBXGroup;
			children = (
				168101902D03235E00D51776 /* Protocols */,
				1695A0502D04346800C25292 /* SchedulePresenter.swift */,
				16A421DC2D1EEB40003683CD /* RoundDetailsPresenter.swift */,
				1695A0522D04348B00C25292 /* DriversChampionshipPresenter.swift */,
				16692BE42D293BF80097C1CC /* DriverDetailsPresenter.swift */,
				1695A0542D0436D400C25292 /* ConstructorsChampionshipPresenter.swift */,
				16692BEC2D2947D80097C1CC /* TeamDetailsPresenter.swift */,
				1695A0562D0436FC00C25292 /* SettingsPresenter.swift */,
			);
			path = Presenters;
			sourceTree = "<group>";
		};
		168101902D03235E00D51776 /* Protocols */ = {
			isa = PBXGroup;
			children = (
				168101912D0323A200D51776 /* Presenter.swift */,
			);
			path = Protocols;
			sourceTree = "<group>";
		};
		168EEB4D2D799F8A00E00E5E /* URLSessionImpls */ = {
			isa = PBXGroup;
			children = (
				163C4D062CF8D7B300C62F43 /* RacesNetworkServiceImpl.swift */,
				16087C772D1B54EB00654DE0 /* StandingsNetworkServiceImpl.swift */,
				16A422142D20191B003683CD /* RoundResultsNetworkServiceImpl.swift */,
			);
			path = URLSessionImpls;
			sourceTree = "<group>";
		};
		168EEB4E2D799F9D00E00E5E /* AlamofireImpls */ = {
			isa = PBXGroup;
			children = (
				168EEB4F2D799FBC00E00E5E /* RacesNetworkServiceAlamofire.swift */,
				16D0B21F2D8C8BEB00902156 /* StandingsNetworkServiceAlamofire.swift */,
				16D0B2212D8C8C2D00902156 /* RoundResultsNetworkServiceAlamofire.swift */,
			);
			path = AlamofireImpls;
			sourceTree = "<group>";
		};
		16AFC58E2D4E6D1100D03C5C /* Protocols */ = {
			isa = PBXGroup;
			children = (
				16AFC5912D4E722900D03C5C /* ErrorPresentable.swift */,
				16AFC58F2D4E6D1D00D03C5C /* SchedulePresentable.swift */,
				16AFC5932D4E74B100D03C5C /* RoundDetailsPresentable.swift */,
				16AFC5952D4E74BE00D03C5C /* DriversChampionshipPresentable.swift */,
				16AFC5972D4E74CB00D03C5C /* DriverDetailsPresentable.swift */,
				16AFC5992D4E74DA00D03C5C /* ConstructorsChampionshipPresentable.swift */,
				16AFC59B2D4E74E700D03C5C /* TeamDetailsPresentable.swift */,
				16AFC59D2D4E750000D03C5C /* SettingsPresentable.swift */,
			);
			path = Protocols;
			sourceTree = "<group>";
		};
		16AFC5A22D4E7A6800D03C5C /* Mocks */ = {
			isa = PBXGroup;
			children = (
				16B5D1332D4F726C00A8563F /* DependencyFactoryMock.swift */,
				16B5D1252D4F6C7B00A8563F /* Views */,
			);
			path = Mocks;
			sourceTree = "<group>";
		};
		16AFC5A32D4E7A6F00D03C5C /* MockData */ = {
			isa = PBXGroup;
			children = (
				162ED6D52D081E7600DF9A04 /* RacesNetworkServiceMock.swift */,
				16087C6D2D1B2C1100654DE0 /* StandingsNetworkServiceMock.swift */,
				16A422102D1FE857003683CD /* RoundResultsNetworkServiceMock.swift */,
			);
			path = MockData;
			sourceTree = "<group>";
		};
		16B5D1252D4F6C7B00A8563F /* Views */ = {
			isa = PBXGroup;
			children = (
				16B5D1262D4F6D0700A8563F /* ScheduleViewMock.swift */,
				16B5D1282D4F6E4000A8563F /* RoundDetailsViewMock.swift */,
				16B5D12A2D4F6E4D00A8563F /* DriversChampionshipViewMock.swift */,
				16B5D12C2D4F6E5B00A8563F /* DriverDetailsViewMock.swift */,
				16B5D12E2D4F6E6500A8563F /* ConstructorsChampionshipViewMock.swift */,
				16B5D1302D4F6E7100A8563F /* TeamDetailsViewMock.swift */,
			);
			path = Views;
			sourceTree = "<group>";
		};
		16C030C32D072D9B000C258E /* Extensions */ = {
			isa = PBXGroup;
			children = (
				16C030C42D072DE4000C258E /* Date+Extensions.swift */,
				1670B4732D13668900400899 /* UIColor+AdaptiveColor.swift */,
				1670B4802D149AE100400899 /* UIColor+AppColor.swift */,
				1670B4822D14A18D00400899 /* UIView+DropShadow.swift */,
				16692BF02D2A91720097C1CC /* UITabBar+Blur.swift */,
			);
			path = Extensions;
			sourceTree = "<group>";
		};
		6D8BB561D178EA28A24E29D9 /* Pods */ = {
			isa = PBXGroup;
			children = (
				023B0ADB0586B228B6E6864E /* Pods-F1App.debug.xcconfig */,
				544EC18E7C3166E270529048 /* Pods-F1App.release.xcconfig */,
			);
			path = Pods;
			sourceTree = "<group>";
		};
		AAF4759E2D66806920F86792 /* Frameworks */ = {
			isa = PBXGroup;
			children = (
				6C68ABB438BB860D5C844AE1 /* Pods_F1App.framework */,
			);
			name = Frameworks;
			sourceTree = "<group>";
		};
/* End PBXGroup section */

/* Begin PBXNativeTarget section */
		162532FB2CEFBF8D00F9397F /* F1App */ = {
			isa = PBXNativeTarget;
			buildConfigurationList = 162533252CEFBF8E00F9397F /* Build configuration list for PBXNativeTarget "F1App" */;
			buildPhases = (
				593CA1641C6C10126E79F2CE /* [CP] Check Pods Manifest.lock */,
				162532F82CEFBF8D00F9397F /* Sources */,
				162532F92CEFBF8D00F9397F /* Frameworks */,
				162532FA2CEFBF8D00F9397F /* Resources */,
				16B678BB2CF7C14E006FA71B /* SwiftLint script */,
				E777AD6C8D4B17B771CC6CAC /* [CP] Embed Pods Frameworks */,
			);
			buildRules = (
			);
			dependencies = (
			);
			name = F1App;
			productName = F1App;
			productReference = 162532FC2CEFBF8D00F9397F /* F1App.app */;
			productType = "com.apple.product-type.application";
		};
		162533112CEFBF8D00F9397F /* F1AppTests */ = {
			isa = PBXNativeTarget;
			buildConfigurationList = 1625332A2CEFBF8E00F9397F /* Build configuration list for PBXNativeTarget "F1AppTests" */;
			buildPhases = (
				1625330E2CEFBF8D00F9397F /* Sources */,
				1625330F2CEFBF8D00F9397F /* Frameworks */,
				162533102CEFBF8D00F9397F /* Resources */,
			);
			buildRules = (
			);
			dependencies = (
				162533142CEFBF8E00F9397F /* PBXTargetDependency */,
			);
			name = F1AppTests;
			productName = F1AppTests;
			productReference = 162533122CEFBF8E00F9397F /* F1AppTests.xctest */;
			productType = "com.apple.product-type.bundle.unit-test";
		};
/* End PBXNativeTarget section */

/* Begin PBXProject section */
		162532F42CEFBF8D00F9397F /* Project object */ = {
			isa = PBXProject;
			attributes = {
				BuildIndependentTargetsInParallel = 1;
				LastSwiftUpdateCheck = 1610;
				LastUpgradeCheck = 1610;
				TargetAttributes = {
					162532FB2CEFBF8D00F9397F = {
						CreatedOnToolsVersion = 16.1;
					};
					162533112CEFBF8D00F9397F = {
						CreatedOnToolsVersion = 16.1;
						LastSwiftMigration = 1610;
						TestTargetID = 162532FB2CEFBF8D00F9397F;
					};
				};
			};
			buildConfigurationList = 162532F72CEFBF8D00F9397F /* Build configuration list for PBXProject "F1App" */;
			developmentRegion = en;
			hasScannedForEncodings = 0;
			knownRegions = (
				en,
				Base,
			);
			mainGroup = 162532F32CEFBF8D00F9397F;
			minimizedProjectReferenceProxies = 1;
			preferredProjectObjectVersion = 77;
			productRefGroup = 162532FD2CEFBF8D00F9397F /* Products */;
			projectDirPath = "";
			projectRoot = "";
			targets = (
				162532FB2CEFBF8D00F9397F /* F1App */,
				162533112CEFBF8D00F9397F /* F1AppTests */,
			);
		};
/* End PBXProject section */

/* Begin PBXResourcesBuildPhase section */
		162532FA2CEFBF8D00F9397F /* Resources */ = {
			isa = PBXResourcesBuildPhase;
			buildActionMask = 2147483647;
			files = (
				163C4D222CF8D7B300C62F43 /* Assets.xcassets in Resources */,
				16CEC0EA2D463F2900EF668E /* 2024.json in Resources */,
				1673EC562D5E280600FEE9B1 /* 2025.json in Resources */,
				163C4D242CF8D7B300C62F43 /* LaunchScreen.storyboard in Resources */,
				16CEC0D52D463E6100EF668E /* race.json in Resources */,
				16CEC0D62D463E6100EF668E /* constructors-championship.json in Resources */,
				16CEC0E62D463EA100EF668E /* 1.json in Resources */,
				16CEC0D72D463E6100EF668E /* fp1.json in Resources */,
				16CEC0D82D463E6100EF668E /* fp2.json in Resources */,
				16CEC0D92D463E6100EF668E /* fp3.json in Resources */,
				16CEC0ED2D463F5900EF668E /* sprint-qualy.json in Resources */,
				16CEC0DA2D463E6100EF668E /* drivers-championship.json in Resources */,
				16CEC0DB2D463E6100EF668E /* sprint-race.json in Resources */,
				16CEC0DC2D463E6100EF668E /* qualy.json in Resources */,
			);
			runOnlyForDeploymentPostprocessing = 0;
		};
		162533102CEFBF8D00F9397F /* Resources */ = {
			isa = PBXResourcesBuildPhase;
			buildActionMask = 2147483647;
			files = (
				16CEC0DD2D463E6100EF668E /* race.json in Resources */,
				16CEC0EC2D463F5900EF668E /* sprint-qualy.json in Resources */,
				16CEC0DE2D463E6100EF668E /* constructors-championship.json in Resources */,
				16CEC0DF2D463E6100EF668E /* fp1.json in Resources */,
				16CEC0E02D463E6100EF668E /* fp2.json in Resources */,
				16CEC0E12D463E6100EF668E /* fp3.json in Resources */,
				16CEC0E22D463E6100EF668E /* drivers-championship.json in Resources */,
				16CEC0E32D463E6100EF668E /* sprint-race.json in Resources */,
				16CEC0E72D463EA100EF668E /* 1.json in Resources */,
				16CEC0E42D463E6100EF668E /* qualy.json in Resources */,
				1673EC572D5E280600FEE9B1 /* 2025.json in Resources */,
				16CEC0E92D463F2900EF668E /* 2024.json in Resources */,
			);
			runOnlyForDeploymentPostprocessing = 0;
		};
/* End PBXResourcesBuildPhase section */

/* Begin PBXShellScriptBuildPhase section */
		16B678BB2CF7C14E006FA71B /* SwiftLint script */ = {
			isa = PBXShellScriptBuildPhase;
			buildActionMask = 8;
			files = (
			);
			inputFileListPaths = (
			);
			inputPaths = (
			);
			name = "SwiftLint script";
			outputFileListPaths = (
			);
			outputPaths = (
			);
			runOnlyForDeploymentPostprocessing = 1;
			shellPath = /bin/sh;
			shellScript = "if command -v ${PODS_ROOT}/SwiftLint/swiftlint >/dev/null 2>&1\nthen\n    ${PODS_ROOT}/SwiftLint/swiftlint\n    ${PODS_ROOT}/SwiftLint/swiftlint --fix\nelse\n    echo \"warning: `swiftlint` command not found - See https://github.com/realm/SwiftLint#installation for installation instructions.\"\nfi\n";
		};
		593CA1641C6C10126E79F2CE /* [CP] Check Pods Manifest.lock */ = {
			isa = PBXShellScriptBuildPhase;
			buildActionMask = 2147483647;
			files = (
			);
			inputFileListPaths = (
			);
			inputPaths = (
				"${PODS_PODFILE_DIR_PATH}/Podfile.lock",
				"${PODS_ROOT}/Manifest.lock",
			);
			name = "[CP] Check Pods Manifest.lock";
			outputFileListPaths = (
			);
			outputPaths = (
				"$(DERIVED_FILE_DIR)/Pods-F1App-checkManifestLockResult.txt",
			);
			runOnlyForDeploymentPostprocessing = 0;
			shellPath = /bin/sh;
			shellScript = "diff \"${PODS_PODFILE_DIR_PATH}/Podfile.lock\" \"${PODS_ROOT}/Manifest.lock\" > /dev/null\nif [ $? != 0 ] ; then\n    # print error to STDERR\n    echo \"error: The sandbox is not in sync with the Podfile.lock. Run 'pod install' or update your CocoaPods installation.\" >&2\n    exit 1\nfi\n# This output is used by Xcode 'outputs' to avoid re-running this script phase.\necho \"SUCCESS\" > \"${SCRIPT_OUTPUT_FILE_0}\"\n";
			showEnvVarsInLog = 0;
		};
		E777AD6C8D4B17B771CC6CAC /* [CP] Embed Pods Frameworks */ = {
			isa = PBXShellScriptBuildPhase;
			buildActionMask = 2147483647;
			files = (
			);
			inputFileListPaths = (
				"${PODS_ROOT}/Target Support Files/Pods-F1App/Pods-F1App-frameworks-${CONFIGURATION}-input-files.xcfilelist",
			);
			name = "[CP] Embed Pods Frameworks";
			outputFileListPaths = (
				"${PODS_ROOT}/Target Support Files/Pods-F1App/Pods-F1App-frameworks-${CONFIGURATION}-output-files.xcfilelist",
			);
			runOnlyForDeploymentPostprocessing = 0;
			shellPath = /bin/sh;
			shellScript = "\"${PODS_ROOT}/Target Support Files/Pods-F1App/Pods-F1App-frameworks.sh\"\n";
			showEnvVarsInLog = 0;
		};
/* End PBXShellScriptBuildPhase section */

/* Begin PBXSourcesBuildPhase section */
		162532F82CEFBF8D00F9397F /* Sources */ = {
			isa = PBXSourcesBuildPhase;
			buildActionMask = 2147483647;
			files = (
				16B5D12B2D4F6E4D00A8563F /* DriversChampionshipViewMock.swift in Sources */,
				16A422152D20191B003683CD /* RoundResultsNetworkServiceImpl.swift in Sources */,
				163C4D122CF8D7B300C62F43 /* NetworkError.swift in Sources */,
				16692BED2D2947D80097C1CC /* TeamDetailsPresenter.swift in Sources */,
				163C4D132CF8D7B300C62F43 /* SerializationError.swift in Sources */,
				1670B47D2D1491F300400899 /* GradientView.swift in Sources */,
				1670B46D2D11518900400899 /* ScheduleTableViewCell.swift in Sources */,
				16D0B2202D8C8BEB00902156 /* StandingsNetworkServiceAlamofire.swift in Sources */,
				162B5E4D2D1DB2A200D1E1B6 /* ConstructorsChampionshipEntry.swift in Sources */,
				16AFC59C2D4E74E700D03C5C /* TeamDetailsPresentable.swift in Sources */,
				16087C722D1B30F500654DE0 /* LabelFactory.swift in Sources */,
				16A4221F2D206607003683CD /* ScheduleViewCoordinator.swift in Sources */,
				16B5D12D2D4F6E5B00A8563F /* DriverDetailsViewMock.swift in Sources */,
				1695A0532D04348B00C25292 /* DriversChampionshipPresenter.swift in Sources */,
				16692BE52D293BF80097C1CC /* DriverDetailsPresenter.swift in Sources */,
				16A422192D20209A003683CD /* CircuitDecoder.swift in Sources */,
				1670B48B2D16DB1400400899 /* TeamDecoder.swift in Sources */,
				16AFC5942D4E74B100D03C5C /* RoundDetailsPresentable.swift in Sources */,
				166F3C122D0600D4005A92DF /* RaceScheduleCardView.swift in Sources */,
				163C4D152CF8D7B300C62F43 /* Round.swift in Sources */,
				16AFC59E2D4E750000D03C5C /* SettingsPresentable.swift in Sources */,
				16BD5B412D1C434B00B13974 /* GradientColors.swift in Sources */,
				168101822D02F4C100D51776 /* ConstructorsChampionshipViewController.swift in Sources */,
				16A421F52D1F05D9003683CD /* RaceDriverResult.swift in Sources */,
				1612922E2D26D2B7009EA9FF /* RaceResultCardView.swift in Sources */,
				1681018A2D02F91B00D51776 /* RaceDecoder.swift in Sources */,
				16087C762D1B500400654DE0 /* DriversChampionshipTableViewDelegate.swift in Sources */,
				16A422072D1F2277003683CD /* QualyResultsDecoder.swift in Sources */,
				16B5D1212D4E882A00A8563F /* DependencyFactoryWithMockData.swift in Sources */,
				16A4221D2D204E32003683CD /* CircuitCardView.swift in Sources */,
				16087C782D1B54EB00654DE0 /* StandingsNetworkServiceImpl.swift in Sources */,
				162B5E512D1DB44300D1E1B6 /* ConstructorsChampionshipDecoder.swift in Sources */,
				1612922C2D25A393009EA9FF /* QualyResultCardView.swift in Sources */,
				16692BE92D2946850097C1CC /* ConstructorsChampionshipViewCoordinator.swift in Sources */,
				16A4221B2D202128003683CD /* CircuitDecoderF1Connect.swift in Sources */,
				163C4D162CF8D7B300C62F43 /* Circuit.swift in Sources */,
				1670B4682D106FB900400899 /* UITableViewSelectionDelegate.swift in Sources */,
				16B5D1272D4F6D0700A8563F /* ScheduleViewMock.swift in Sources */,
				16C030C52D072DE4000C258E /* Date+Extensions.swift in Sources */,
				16B5D1312D4F6E7100A8563F /* TeamDetailsViewMock.swift in Sources */,
				16692BE32D293B2B0097C1CC /* DriverDetailsViewController.swift in Sources */,
				16692BE12D293A920097C1CC /* DriversChampionshipViewCoordinator.swift in Sources */,
				1670B48F2D16FE9300400899 /* DriversChampionshipDecoder.swift in Sources */,
				1681018C2D02FA8900D51776 /* RaceDecoderF1Connect.swift in Sources */,
				1681017A2CFDB31600D51776 /* DriversChampionshipViewController.swift in Sources */,
				163C4D172CF8D7B300C62F43 /* Driver.swift in Sources */,
				168868412D6C522200FCB6D1 /* Constants.swift in Sources */,
				16692BE72D29408E0097C1CC /* DriverDetailsCardView.swift in Sources */,
				16AFC5902D4E6D1D00D03C5C /* SchedulePresentable.swift in Sources */,
				16F4A4212D24397A00F75700 /* PracticeResultCardView.swift in Sources */,
				16A422032D1F178F003683CD /* PracticeResultDecoderF1Connect.swift in Sources */,
				168101922D0323A200D51776 /* Presenter.swift in Sources */,
				163C4D182CF8D7B300C62F43 /* Team.swift in Sources */,
				168101762CFDAFF500D51776 /* AppCoordinator.swift in Sources */,
				1688683F2D6B8D8D00FCB6D1 /* URLSessionWithCacheEnabled.swift in Sources */,
				16A422092D1F2DEB003683CD /* QualyResultDecoderF1Connect.swift in Sources */,
				16AFC5982D4E74CB00D03C5C /* DriverDetailsPresentable.swift in Sources */,
				16A422052D1F17B7003683CD /* PracticeResultsDecoder.swift in Sources */,
				1670B48D2D16DB3F00400899 /* TeamDecoderF1Connect.swift in Sources */,
				162B5E4F2D1DB41600D1E1B6 /* ConstructorsChampionshipDecoderF1Connect.swift in Sources */,
				16B5D12F2D4F6E6500A8563F /* ConstructorsChampionshipViewMock.swift in Sources */,
				168101802CFEFBFA00D51776 /* DependencyFactoryF1Connect.swift in Sources */,
				163C4D192CF8D7B300C62F43 /* StandingsNetworkService.swift in Sources */,
				168101842D02F55C00D51776 /* SettingsViewController.swift in Sources */,
				1695A0552D0436D400C25292 /* ConstructorsChampionshipPresenter.swift in Sources */,
				1670B4892D16DB0700400899 /* DriverDecoderF1Connect.swift in Sources */,
				163C4D1A2CF8D7B300C62F43 /* RacesNetworkService.swift in Sources */,
				16692BEB2D2947210097C1CC /* TeamDetailsViewController.swift in Sources */,
				1670B4632D103EFC00400899 /* ScheduleTableViewDelegate.swift in Sources */,
				1681017E2CFEFA4000D51776 /* DependencyFactory.swift in Sources */,
				16AFC5962D4E74BE00D03C5C /* DriversChampionshipPresentable.swift in Sources */,
				163C4D1B2CF8D7B300C62F43 /* UrlSource.swift in Sources */,
				162B5E492D1DB0A800D1E1B6 /* ConstructorsChampionshipTableViewDelegate.swift in Sources */,
				16AFC59A2D4E74DA00D03C5C /* ConstructorsChampionshipPresentable.swift in Sources */,
				1670B4742D13668900400899 /* UIColor+AdaptiveColor.swift in Sources */,
				1695A0512D04346800C25292 /* SchedulePresenter.swift in Sources */,
				16A421DB2D1EE9D5003683CD /* RoundDetailsViewController.swift in Sources */,
				1670B47F2D149A4800400899 /* Colors.swift in Sources */,
				1670B4832D14A18D00400899 /* UIView+DropShadow.swift in Sources */,
				16A4220B2D1F31AB003683CD /* RaceResultsDecoder.swift in Sources */,
				16A421F72D1F080D003683CD /* RoundResults.swift in Sources */,
				16A421F12D1EFD86003683CD /* PracticeDriverResult.swift in Sources */,
				168101742CFDAFDC00D51776 /* Coordinator.swift in Sources */,
				16D0B2222D8C8C2D00902156 /* RoundResultsNetworkServiceAlamofire.swift in Sources */,
				1670B4872D16C9C500400899 /* DriversChampionshipEntry.swift in Sources */,
				163C4D1C2CF8D7B300C62F43 /* UrlSourceF1Connect.swift in Sources */,
				1670B4852D16C69400400899 /* DriverDecoder.swift in Sources */,
				168EEB502D799FBC00E00E5E /* RacesNetworkServiceAlamofire.swift in Sources */,
				1670B4812D149AE100400899 /* UIColor+AppColor.swift in Sources */,
				16A421F32D1F051A003683CD /* QualyDriverResult.swift in Sources */,
				16692BF12D2A91720097C1CC /* UITabBar+Blur.swift in Sources */,
				16692BEF2D2949200097C1CC /* TeamDetailsCardView.swift in Sources */,
				16A4220D2D1F31DF003683CD /* RaceResultDecoderF1Connect.swift in Sources */,
				16AFC5922D4E722900D03C5C /* ErrorPresentable.swift in Sources */,
				16D0B21D2D8C8B7700902156 /* DependencyFactoryF1ConnectAlamofire.swift in Sources */,
				1681018E2D0320A000D51776 /* BaseViewController.swift in Sources */,
				1670B4662D10431500400899 /* CellIdentifiers.swift in Sources */,
				1670B4912D16FEC400400899 /* DriversChampionshipDecoderF1Connect.swift in Sources */,
				16B5D1292D4F6E4000A8563F /* RoundDetailsViewMock.swift in Sources */,
				163C4D1E2CF8D7B300C62F43 /* RacesNetworkServiceImpl.swift in Sources */,
				16087C702D1B2FB400654DE0 /* DriversChampionshipTableViewCell.swift in Sources */,
				168101782CFDB25B00D51776 /* ScheduleViewController.swift in Sources */,
				162B5E4B2D1DB0B500D1E1B6 /* ConstructorsChampionshipTableViewCell.swift in Sources */,
				1670B4702D12069100400899 /* Separator.swift in Sources */,
				163C4D1F2CF8D7B300C62F43 /* AppDelegate.swift in Sources */,
				16B5D1222D4E883100A8563F /* RoundResultsNetworkServiceMock.swift in Sources */,
				16B5D1232D4E883100A8563F /* StandingsNetworkServiceMock.swift in Sources */,
				16B5D1242D4E883100A8563F /* RacesNetworkServiceMock.swift in Sources */,
				16A4220F2D1F3B5C003683CD /* RoundResultsNetworkService.swift in Sources */,
				16F4A41F2D240A5400F75700 /* FontSizes.swift in Sources */,
				16A421DD2D1EEB40003683CD /* RoundDetailsPresenter.swift in Sources */,
				163C4D202CF8D7B300C62F43 /* SceneDelegate.swift in Sources */,
				16087C742D1B4D3500654DE0 /* StackViewFactory.swift in Sources */,
				1695A0572D0436FC00C25292 /* SettingsPresenter.swift in Sources */,
			);
			runOnlyForDeploymentPostprocessing = 0;
		};
		1625330E2CEFBF8D00F9397F /* Sources */ = {
			isa = PBXSourcesBuildPhase;
			buildActionMask = 2147483647;
			files = (
				16A422132D1FF82F003683CD /* DecodingF1ConnectTests.swift in Sources */,
				16AFC5A02D4E78F000D03C5C /* PresentersTests.swift in Sources */,
				163C4D322CF8D7C200C62F43 /* NetworkServicesF1ConnectAPITests.swift in Sources */,
				16B5D1352D4F726C00A8563F /* DependencyFactoryMock.swift in Sources */,
			);
			runOnlyForDeploymentPostprocessing = 0;
		};
/* End PBXSourcesBuildPhase section */

/* Begin PBXTargetDependency section */
		162533142CEFBF8E00F9397F /* PBXTargetDependency */ = {
			isa = PBXTargetDependency;
			target = 162532FB2CEFBF8D00F9397F /* F1App */;
			targetProxy = 162533132CEFBF8E00F9397F /* PBXContainerItemProxy */;
		};
/* End PBXTargetDependency section */

/* Begin PBXVariantGroup section */
		163C4D0C2CF8D7B300C62F43 /* LaunchScreen.storyboard */ = {
			isa = PBXVariantGroup;
			children = (
				163C4D0B2CF8D7B300C62F43 /* Base */,
			);
			name = LaunchScreen.storyboard;
			sourceTree = "<group>";
		};
/* End PBXVariantGroup section */

/* Begin XCBuildConfiguration section */
		162533262CEFBF8E00F9397F /* Debug */ = {
			isa = XCBuildConfiguration;
			baseConfigurationReference = 023B0ADB0586B228B6E6864E /* Pods-F1App.debug.xcconfig */;
			buildSettings = {
				ASSETCATALOG_COMPILER_APPICON_NAME = AppIcon;
				ASSETCATALOG_COMPILER_GLOBAL_ACCENT_COLOR_NAME = AccentColor;
				CODE_SIGN_STYLE = Automatic;
				CURRENT_PROJECT_VERSION = 1;
				DEVELOPMENT_TEAM = 2SJ5X5ARC2;
				ENABLE_USER_SCRIPT_SANDBOXING = NO;
				GENERATE_INFOPLIST_FILE = YES;
				INFOPLIST_FILE = F1App/Info.plist;
				INFOPLIST_KEY_UIApplicationSupportsIndirectInputEvents = YES;
				INFOPLIST_KEY_UILaunchStoryboardName = LaunchScreen;
				INFOPLIST_KEY_UISupportedInterfaceOrientations_iPad = "UIInterfaceOrientationPortrait UIInterfaceOrientationPortraitUpsideDown UIInterfaceOrientationLandscapeLeft UIInterfaceOrientationLandscapeRight";
				INFOPLIST_KEY_UISupportedInterfaceOrientations_iPhone = "UIInterfaceOrientationPortrait UIInterfaceOrientationLandscapeLeft UIInterfaceOrientationLandscapeRight";
				LD_RUNPATH_SEARCH_PATHS = (
					"$(inherited)",
					"@executable_path/Frameworks",
				);
				MARKETING_VERSION = 1.0;
				PRODUCT_BUNDLE_IDENTIFIER = qwerty.F1App;
				PRODUCT_NAME = "$(TARGET_NAME)";
				SWIFT_EMIT_LOC_STRINGS = YES;
				SWIFT_VERSION = 5.0;
				TARGETED_DEVICE_FAMILY = "1,2";
			};
			name = Debug;
		};
		162533272CEFBF8E00F9397F /* Release */ = {
			isa = XCBuildConfiguration;
			baseConfigurationReference = 544EC18E7C3166E270529048 /* Pods-F1App.release.xcconfig */;
			buildSettings = {
				ASSETCATALOG_COMPILER_APPICON_NAME = AppIcon;
				ASSETCATALOG_COMPILER_GLOBAL_ACCENT_COLOR_NAME = AccentColor;
				CODE_SIGN_STYLE = Automatic;
				CURRENT_PROJECT_VERSION = 1;
				DEVELOPMENT_TEAM = 2SJ5X5ARC2;
				ENABLE_USER_SCRIPT_SANDBOXING = NO;
				GENERATE_INFOPLIST_FILE = YES;
				INFOPLIST_FILE = F1App/Info.plist;
				INFOPLIST_KEY_UIApplicationSupportsIndirectInputEvents = YES;
				INFOPLIST_KEY_UILaunchStoryboardName = LaunchScreen;
				INFOPLIST_KEY_UISupportedInterfaceOrientations_iPad = "UIInterfaceOrientationPortrait UIInterfaceOrientationPortraitUpsideDown UIInterfaceOrientationLandscapeLeft UIInterfaceOrientationLandscapeRight";
				INFOPLIST_KEY_UISupportedInterfaceOrientations_iPhone = "UIInterfaceOrientationPortrait UIInterfaceOrientationLandscapeLeft UIInterfaceOrientationLandscapeRight";
				LD_RUNPATH_SEARCH_PATHS = (
					"$(inherited)",
					"@executable_path/Frameworks",
				);
				MARKETING_VERSION = 1.0;
				PRODUCT_BUNDLE_IDENTIFIER = qwerty.F1App;
				PRODUCT_NAME = "$(TARGET_NAME)";
				SWIFT_EMIT_LOC_STRINGS = YES;
				SWIFT_VERSION = 5.0;
				TARGETED_DEVICE_FAMILY = "1,2";
			};
			name = Release;
		};
		162533282CEFBF8E00F9397F /* Debug */ = {
			isa = XCBuildConfiguration;
			buildSettings = {
				ALWAYS_SEARCH_USER_PATHS = NO;
				ASSETCATALOG_COMPILER_GENERATE_SWIFT_ASSET_SYMBOL_EXTENSIONS = YES;
				CLANG_ANALYZER_NONNULL = YES;
				CLANG_ANALYZER_NUMBER_OBJECT_CONVERSION = YES_AGGRESSIVE;
				CLANG_CXX_LANGUAGE_STANDARD = "gnu++20";
				CLANG_ENABLE_MODULES = YES;
				CLANG_ENABLE_OBJC_ARC = YES;
				CLANG_ENABLE_OBJC_WEAK = YES;
				CLANG_WARN_BLOCK_CAPTURE_AUTORELEASING = YES;
				CLANG_WARN_BOOL_CONVERSION = YES;
				CLANG_WARN_COMMA = YES;
				CLANG_WARN_CONSTANT_CONVERSION = YES;
				CLANG_WARN_DEPRECATED_OBJC_IMPLEMENTATIONS = YES;
				CLANG_WARN_DIRECT_OBJC_ISA_USAGE = YES_ERROR;
				CLANG_WARN_DOCUMENTATION_COMMENTS = YES;
				CLANG_WARN_EMPTY_BODY = YES;
				CLANG_WARN_ENUM_CONVERSION = YES;
				CLANG_WARN_INFINITE_RECURSION = YES;
				CLANG_WARN_INT_CONVERSION = YES;
				CLANG_WARN_NON_LITERAL_NULL_CONVERSION = YES;
				CLANG_WARN_OBJC_IMPLICIT_RETAIN_SELF = YES;
				CLANG_WARN_OBJC_LITERAL_CONVERSION = YES;
				CLANG_WARN_OBJC_ROOT_CLASS = YES_ERROR;
				CLANG_WARN_QUOTED_INCLUDE_IN_FRAMEWORK_HEADER = YES;
				CLANG_WARN_RANGE_LOOP_ANALYSIS = YES;
				CLANG_WARN_STRICT_PROTOTYPES = YES;
				CLANG_WARN_SUSPICIOUS_MOVE = YES;
				CLANG_WARN_UNGUARDED_AVAILABILITY = YES_AGGRESSIVE;
				CLANG_WARN_UNREACHABLE_CODE = YES;
				CLANG_WARN__DUPLICATE_METHOD_MATCH = YES;
				COPY_PHASE_STRIP = NO;
				DEBUG_INFORMATION_FORMAT = dwarf;
				ENABLE_STRICT_OBJC_MSGSEND = YES;
				ENABLE_TESTABILITY = YES;
				ENABLE_USER_SCRIPT_SANDBOXING = YES;
				GCC_C_LANGUAGE_STANDARD = gnu17;
				GCC_DYNAMIC_NO_PIC = NO;
				GCC_NO_COMMON_BLOCKS = YES;
				GCC_OPTIMIZATION_LEVEL = 0;
				GCC_PREPROCESSOR_DEFINITIONS = (
					"DEBUG=1",
					"$(inherited)",
				);
				GCC_WARN_64_TO_32_BIT_CONVERSION = YES;
				GCC_WARN_ABOUT_RETURN_TYPE = YES_ERROR;
				GCC_WARN_UNDECLARED_SELECTOR = YES;
				GCC_WARN_UNINITIALIZED_AUTOS = YES_AGGRESSIVE;
				GCC_WARN_UNUSED_FUNCTION = YES;
				GCC_WARN_UNUSED_VARIABLE = YES;
				IPHONEOS_DEPLOYMENT_TARGET = 16.0;
				LOCALIZATION_PREFERS_STRING_CATALOGS = YES;
				MTL_ENABLE_DEBUG_INFO = INCLUDE_SOURCE;
				MTL_FAST_MATH = YES;
				ONLY_ACTIVE_ARCH = YES;
				SDKROOT = iphoneos;
				SWIFT_ACTIVE_COMPILATION_CONDITIONS = "DEBUG $(inherited)";
				SWIFT_OPTIMIZATION_LEVEL = "-Onone";
			};
			name = Debug;
		};
		162533292CEFBF8E00F9397F /* Release */ = {
			isa = XCBuildConfiguration;
			buildSettings = {
				ALWAYS_SEARCH_USER_PATHS = NO;
				ASSETCATALOG_COMPILER_GENERATE_SWIFT_ASSET_SYMBOL_EXTENSIONS = YES;
				CLANG_ANALYZER_NONNULL = YES;
				CLANG_ANALYZER_NUMBER_OBJECT_CONVERSION = YES_AGGRESSIVE;
				CLANG_CXX_LANGUAGE_STANDARD = "gnu++20";
				CLANG_ENABLE_MODULES = YES;
				CLANG_ENABLE_OBJC_ARC = YES;
				CLANG_ENABLE_OBJC_WEAK = YES;
				CLANG_WARN_BLOCK_CAPTURE_AUTORELEASING = YES;
				CLANG_WARN_BOOL_CONVERSION = YES;
				CLANG_WARN_COMMA = YES;
				CLANG_WARN_CONSTANT_CONVERSION = YES;
				CLANG_WARN_DEPRECATED_OBJC_IMPLEMENTATIONS = YES;
				CLANG_WARN_DIRECT_OBJC_ISA_USAGE = YES_ERROR;
				CLANG_WARN_DOCUMENTATION_COMMENTS = YES;
				CLANG_WARN_EMPTY_BODY = YES;
				CLANG_WARN_ENUM_CONVERSION = YES;
				CLANG_WARN_INFINITE_RECURSION = YES;
				CLANG_WARN_INT_CONVERSION = YES;
				CLANG_WARN_NON_LITERAL_NULL_CONVERSION = YES;
				CLANG_WARN_OBJC_IMPLICIT_RETAIN_SELF = YES;
				CLANG_WARN_OBJC_LITERAL_CONVERSION = YES;
				CLANG_WARN_OBJC_ROOT_CLASS = YES_ERROR;
				CLANG_WARN_QUOTED_INCLUDE_IN_FRAMEWORK_HEADER = YES;
				CLANG_WARN_RANGE_LOOP_ANALYSIS = YES;
				CLANG_WARN_STRICT_PROTOTYPES = YES;
				CLANG_WARN_SUSPICIOUS_MOVE = YES;
				CLANG_WARN_UNGUARDED_AVAILABILITY = YES_AGGRESSIVE;
				CLANG_WARN_UNREACHABLE_CODE = YES;
				CLANG_WARN__DUPLICATE_METHOD_MATCH = YES;
				COPY_PHASE_STRIP = NO;
				DEBUG_INFORMATION_FORMAT = "dwarf-with-dsym";
				ENABLE_NS_ASSERTIONS = NO;
				ENABLE_STRICT_OBJC_MSGSEND = YES;
				ENABLE_USER_SCRIPT_SANDBOXING = YES;
				GCC_C_LANGUAGE_STANDARD = gnu17;
				GCC_NO_COMMON_BLOCKS = YES;
				GCC_WARN_64_TO_32_BIT_CONVERSION = YES;
				GCC_WARN_ABOUT_RETURN_TYPE = YES_ERROR;
				GCC_WARN_UNDECLARED_SELECTOR = YES;
				GCC_WARN_UNINITIALIZED_AUTOS = YES_AGGRESSIVE;
				GCC_WARN_UNUSED_FUNCTION = YES;
				GCC_WARN_UNUSED_VARIABLE = YES;
				IPHONEOS_DEPLOYMENT_TARGET = 16.0;
				LOCALIZATION_PREFERS_STRING_CATALOGS = YES;
				MTL_ENABLE_DEBUG_INFO = NO;
				MTL_FAST_MATH = YES;
				SDKROOT = iphoneos;
				SWIFT_COMPILATION_MODE = wholemodule;
				VALIDATE_PRODUCT = YES;
			};
			name = Release;
		};
		1625332B2CEFBF8E00F9397F /* Debug */ = {
			isa = XCBuildConfiguration;
			buildSettings = {
				BUNDLE_LOADER = "$(TEST_HOST)";
				CLANG_ENABLE_MODULES = YES;
				CODE_SIGN_STYLE = Automatic;
				CURRENT_PROJECT_VERSION = 1;
				DEVELOPMENT_TEAM = 2SJ5X5ARC2;
				GENERATE_INFOPLIST_FILE = YES;
				IPHONEOS_DEPLOYMENT_TARGET = 16.0;
				MARKETING_VERSION = 1.0;
				PRODUCT_BUNDLE_IDENTIFIER = qwerty.F1AppTests;
				PRODUCT_NAME = "$(TARGET_NAME)";
				SWIFT_EMIT_LOC_STRINGS = NO;
				SWIFT_OPTIMIZATION_LEVEL = "-Onone";
				SWIFT_VERSION = 5.0;
				TARGETED_DEVICE_FAMILY = "1,2";
				TEST_HOST = "$(BUILT_PRODUCTS_DIR)/F1App.app/$(BUNDLE_EXECUTABLE_FOLDER_PATH)/F1App";
			};
			name = Debug;
		};
		1625332C2CEFBF8E00F9397F /* Release */ = {
			isa = XCBuildConfiguration;
			buildSettings = {
				BUNDLE_LOADER = "$(TEST_HOST)";
				CLANG_ENABLE_MODULES = YES;
				CODE_SIGN_STYLE = Automatic;
				CURRENT_PROJECT_VERSION = 1;
				DEVELOPMENT_TEAM = 2SJ5X5ARC2;
				GENERATE_INFOPLIST_FILE = YES;
				IPHONEOS_DEPLOYMENT_TARGET = 16.0;
				MARKETING_VERSION = 1.0;
				PRODUCT_BUNDLE_IDENTIFIER = qwerty.F1AppTests;
				PRODUCT_NAME = "$(TARGET_NAME)";
				SWIFT_EMIT_LOC_STRINGS = NO;
				SWIFT_VERSION = 5.0;
				TARGETED_DEVICE_FAMILY = "1,2";
				TEST_HOST = "$(BUILT_PRODUCTS_DIR)/F1App.app/$(BUNDLE_EXECUTABLE_FOLDER_PATH)/F1App";
			};
			name = Release;
		};
/* End XCBuildConfiguration section */

/* Begin XCConfigurationList section */
		162532F72CEFBF8D00F9397F /* Build configuration list for PBXProject "F1App" */ = {
			isa = XCConfigurationList;
			buildConfigurations = (
				162533282CEFBF8E00F9397F /* Debug */,
				162533292CEFBF8E00F9397F /* Release */,
			);
			defaultConfigurationIsVisible = 0;
			defaultConfigurationName = Release;
		};
		162533252CEFBF8E00F9397F /* Build configuration list for PBXNativeTarget "F1App" */ = {
			isa = XCConfigurationList;
			buildConfigurations = (
				162533262CEFBF8E00F9397F /* Debug */,
				162533272CEFBF8E00F9397F /* Release */,
			);
			defaultConfigurationIsVisible = 0;
			defaultConfigurationName = Release;
		};
		1625332A2CEFBF8E00F9397F /* Build configuration list for PBXNativeTarget "F1AppTests" */ = {
			isa = XCConfigurationList;
			buildConfigurations = (
				1625332B2CEFBF8E00F9397F /* Debug */,
				1625332C2CEFBF8E00F9397F /* Release */,
			);
			defaultConfigurationIsVisible = 0;
			defaultConfigurationName = Release;
		};
/* End XCConfigurationList section */
	};
	rootObject = 162532F42CEFBF8D00F9397F /* Project object */;
}
